// !$*UTF8*$!
{
	archiveVersion = 1;
	classes = {
	};
	objectVersion = 55;
	objects = {

/* Begin PBXBuildFile section */
		618CF5D7284FFDEB00BFF072 /* AppDelegate.swift in Sources */ = {isa = PBXBuildFile; fileRef = 618CF5D6284FFDEB00BFF072 /* AppDelegate.swift */; };
		618CF5D9284FFDEB00BFF072 /* SceneDelegate.swift in Sources */ = {isa = PBXBuildFile; fileRef = 618CF5D8284FFDEB00BFF072 /* SceneDelegate.swift */; };
		618CF5DB284FFDEB00BFF072 /* ViewController.swift in Sources */ = {isa = PBXBuildFile; fileRef = 618CF5DA284FFDEB00BFF072 /* ViewController.swift */; };
		618CF5DE284FFDEB00BFF072 /* Main.storyboard in Resources */ = {isa = PBXBuildFile; fileRef = 618CF5DC284FFDEB00BFF072 /* Main.storyboard */; };
		618CF5E1284FFDEB00BFF072 /* TakeItEasy.xcdatamodeld in Sources */ = {isa = PBXBuildFile; fileRef = 618CF5DF284FFDEB00BFF072 /* TakeItEasy.xcdatamodeld */; };
		618CF5E3284FFDEC00BFF072 /* Assets.xcassets in Resources */ = {isa = PBXBuildFile; fileRef = 618CF5E2284FFDEC00BFF072 /* Assets.xcassets */; };
		618CF5E6284FFDEC00BFF072 /* LaunchScreen.storyboard in Resources */ = {isa = PBXBuildFile; fileRef = 618CF5E4284FFDEC00BFF072 /* LaunchScreen.storyboard */; };
		84A3C53428513BB300664E96 /* BooksViewController.swift in Sources */ = {isa = PBXBuildFile; fileRef = 84A3C53328513BB300664E96 /* BooksViewController.swift */; };
		84A3C53628513BF200664E96 /* GeneralBooksCollectionViewCell.swift in Sources */ = {isa = PBXBuildFile; fileRef = 84A3C53528513BF200664E96 /* GeneralBooksCollectionViewCell.swift */; };
		84A3C53C28513C3600664E96 /* TechnologyBooksCollectionViewCell.swift in Sources */ = {isa = PBXBuildFile; fileRef = 84A3C53B28513C3600664E96 /* TechnologyBooksCollectionViewCell.swift */; };
		84A3C53E28513C4900664E96 /* RecipeBooksCollectionViewCell.swift in Sources */ = {isa = PBXBuildFile; fileRef = 84A3C53D28513C4900664E96 /* RecipeBooksCollectionViewCell.swift */; };
		84A3C5612851406C00664E96 /* OpenedBooksViewController.swift in Sources */ = {isa = PBXBuildFile; fileRef = 84A3C5602851406C00664E96 /* OpenedBooksViewController.swift */; };
		84A3C5652851504000664E96 /* NavigationBarData.swift in Sources */ = {isa = PBXBuildFile; fileRef = 84A3C5642851504000664E96 /* NavigationBarData.swift */; };
		84B6538E2851B46400FE8DA9 /* Inheritance.pdf in Resources */ = {isa = PBXBuildFile; fileRef = 84B6537F2851B46400FE8DA9 /* Inheritance.pdf */; };
		84B6538F2851B46400FE8DA9 /* Error Handling.pdf in Resources */ = {isa = PBXBuildFile; fileRef = 84B653802851B46400FE8DA9 /* Error Handling.pdf */; };
		84B653902851B46400FE8DA9 /* Basic Operators.pdf in Resources */ = {isa = PBXBuildFile; fileRef = 84B653812851B46400FE8DA9 /* Basic Operators.pdf */; };
		84B653912851B46400FE8DA9 /* Optional Chaining.pdf in Resources */ = {isa = PBXBuildFile; fileRef = 84B653822851B46400FE8DA9 /* Optional Chaining.pdf */; };
		84B653922851B46400FE8DA9 /* Structures and Classes.pdf in Resources */ = {isa = PBXBuildFile; fileRef = 84B653832851B46400FE8DA9 /* Structures and Classes.pdf */; };
		84B653932851B46400FE8DA9 /* Collection Types.pdf in Resources */ = {isa = PBXBuildFile; fileRef = 84B653842851B46400FE8DA9 /* Collection Types.pdf */; };
		84B653942851B46500FE8DA9 /* Enumerations.pdf in Resources */ = {isa = PBXBuildFile; fileRef = 84B653852851B46400FE8DA9 /* Enumerations.pdf */; };
		84B653952851B46500FE8DA9 /* Nested Types.pdf in Resources */ = {isa = PBXBuildFile; fileRef = 84B653862851B46400FE8DA9 /* Nested Types.pdf */; };
		84B653962851B46500FE8DA9 /* Properties.pdf in Resources */ = {isa = PBXBuildFile; fileRef = 84B653872851B46400FE8DA9 /* Properties.pdf */; };
		84B653972851B46500FE8DA9 /* Methods.pdf in Resources */ = {isa = PBXBuildFile; fileRef = 84B653882851B46400FE8DA9 /* Methods.pdf */; };
		84B653982851B46500FE8DA9 /* Control Flow.pdf in Resources */ = {isa = PBXBuildFile; fileRef = 84B653892851B46400FE8DA9 /* Control Flow.pdf */; };
		84B653992851B46500FE8DA9 /* Extensions.pdf in Resources */ = {isa = PBXBuildFile; fileRef = 84B6538A2851B46400FE8DA9 /* Extensions.pdf */; };
		84B6539A2851B46500FE8DA9 /* Functions.pdf in Resources */ = {isa = PBXBuildFile; fileRef = 84B6538B2851B46400FE8DA9 /* Functions.pdf */; };
		84B6539B2851B46500FE8DA9 /* Initialization.pdf in Resources */ = {isa = PBXBuildFile; fileRef = 84B6538C2851B46400FE8DA9 /* Initialization.pdf */; };
		84B6539C2851B46500FE8DA9 /* Closures.pdf in Resources */ = {isa = PBXBuildFile; fileRef = 84B6538D2851B46400FE8DA9 /* Closures.pdf */; };
/* End PBXBuildFile section */

/* Begin PBXFileReference section */
		618CF5D3284FFDEB00BFF072 /* TakeItEasy.app */ = {isa = PBXFileReference; explicitFileType = wrapper.application; includeInIndex = 0; path = TakeItEasy.app; sourceTree = BUILT_PRODUCTS_DIR; };
		618CF5D6284FFDEB00BFF072 /* AppDelegate.swift */ = {isa = PBXFileReference; lastKnownFileType = sourcecode.swift; path = AppDelegate.swift; sourceTree = "<group>"; };
		618CF5D8284FFDEB00BFF072 /* SceneDelegate.swift */ = {isa = PBXFileReference; lastKnownFileType = sourcecode.swift; path = SceneDelegate.swift; sourceTree = "<group>"; };
		618CF5DA284FFDEB00BFF072 /* ViewController.swift */ = {isa = PBXFileReference; lastKnownFileType = sourcecode.swift; path = ViewController.swift; sourceTree = "<group>"; };
		618CF5DD284FFDEB00BFF072 /* Base */ = {isa = PBXFileReference; lastKnownFileType = file.storyboard; name = Base; path = Base.lproj/Main.storyboard; sourceTree = "<group>"; };
		618CF5E0284FFDEB00BFF072 /* TakeItEasy.xcdatamodel */ = {isa = PBXFileReference; lastKnownFileType = wrapper.xcdatamodel; path = TakeItEasy.xcdatamodel; sourceTree = "<group>"; };
		618CF5E2284FFDEC00BFF072 /* Assets.xcassets */ = {isa = PBXFileReference; lastKnownFileType = folder.assetcatalog; path = Assets.xcassets; sourceTree = "<group>"; };
		618CF5E5284FFDEC00BFF072 /* Base */ = {isa = PBXFileReference; lastKnownFileType = file.storyboard; name = Base; path = Base.lproj/LaunchScreen.storyboard; sourceTree = "<group>"; };
		618CF5E7284FFDEC00BFF072 /* Info.plist */ = {isa = PBXFileReference; lastKnownFileType = text.plist.xml; path = Info.plist; sourceTree = "<group>"; };
		84A3C53328513BB300664E96 /* BooksViewController.swift */ = {isa = PBXFileReference; lastKnownFileType = sourcecode.swift; path = BooksViewController.swift; sourceTree = "<group>"; };
		84A3C53528513BF200664E96 /* GeneralBooksCollectionViewCell.swift */ = {isa = PBXFileReference; lastKnownFileType = sourcecode.swift; path = GeneralBooksCollectionViewCell.swift; sourceTree = "<group>"; };
		84A3C53B28513C3600664E96 /* TechnologyBooksCollectionViewCell.swift */ = {isa = PBXFileReference; lastKnownFileType = sourcecode.swift; path = TechnologyBooksCollectionViewCell.swift; sourceTree = "<group>"; };
		84A3C53D28513C4900664E96 /* RecipeBooksCollectionViewCell.swift */ = {isa = PBXFileReference; lastKnownFileType = sourcecode.swift; path = RecipeBooksCollectionViewCell.swift; sourceTree = "<group>"; };
		84A3C5602851406C00664E96 /* OpenedBooksViewController.swift */ = {isa = PBXFileReference; lastKnownFileType = sourcecode.swift; path = OpenedBooksViewController.swift; sourceTree = "<group>"; };
		84A3C5642851504000664E96 /* NavigationBarData.swift */ = {isa = PBXFileReference; lastKnownFileType = sourcecode.swift; path = NavigationBarData.swift; sourceTree = "<group>"; };
		84B6537F2851B46400FE8DA9 /* Inheritance.pdf */ = {isa = PBXFileReference; lastKnownFileType = image.pdf; name = Inheritance.pdf; path = ../../../../BookSamples/Inheritance.pdf; sourceTree = "<group>"; };
		84B653802851B46400FE8DA9 /* Error Handling.pdf */ = {isa = PBXFileReference; lastKnownFileType = image.pdf; name = "Error Handling.pdf"; path = "../../../../BookSamples/Error Handling.pdf"; sourceTree = "<group>"; };
		84B653812851B46400FE8DA9 /* Basic Operators.pdf */ = {isa = PBXFileReference; lastKnownFileType = image.pdf; name = "Basic Operators.pdf"; path = "../../../../BookSamples/Basic Operators.pdf"; sourceTree = "<group>"; };
		84B653822851B46400FE8DA9 /* Optional Chaining.pdf */ = {isa = PBXFileReference; lastKnownFileType = image.pdf; name = "Optional Chaining.pdf"; path = "../../../../BookSamples/Optional Chaining.pdf"; sourceTree = "<group>"; };
		84B653832851B46400FE8DA9 /* Structures and Classes.pdf */ = {isa = PBXFileReference; lastKnownFileType = image.pdf; name = "Structures and Classes.pdf"; path = "../../../../BookSamples/Structures and Classes.pdf"; sourceTree = "<group>"; };
		84B653842851B46400FE8DA9 /* Collection Types.pdf */ = {isa = PBXFileReference; lastKnownFileType = image.pdf; name = "Collection Types.pdf"; path = "../../../../BookSamples/Collection Types.pdf"; sourceTree = "<group>"; };
		84B653852851B46400FE8DA9 /* Enumerations.pdf */ = {isa = PBXFileReference; lastKnownFileType = image.pdf; name = Enumerations.pdf; path = ../../../../BookSamples/Enumerations.pdf; sourceTree = "<group>"; };
		84B653862851B46400FE8DA9 /* Nested Types.pdf */ = {isa = PBXFileReference; lastKnownFileType = image.pdf; name = "Nested Types.pdf"; path = "../../../../BookSamples/Nested Types.pdf"; sourceTree = "<group>"; };
		84B653872851B46400FE8DA9 /* Properties.pdf */ = {isa = PBXFileReference; lastKnownFileType = image.pdf; name = Properties.pdf; path = ../../../../BookSamples/Properties.pdf; sourceTree = "<group>"; };
		84B653882851B46400FE8DA9 /* Methods.pdf */ = {isa = PBXFileReference; lastKnownFileType = image.pdf; name = Methods.pdf; path = ../../../../BookSamples/Methods.pdf; sourceTree = "<group>"; };
		84B653892851B46400FE8DA9 /* Control Flow.pdf */ = {isa = PBXFileReference; lastKnownFileType = image.pdf; name = "Control Flow.pdf"; path = "../../../../BookSamples/Control Flow.pdf"; sourceTree = "<group>"; };
		84B6538A2851B46400FE8DA9 /* Extensions.pdf */ = {isa = PBXFileReference; lastKnownFileType = image.pdf; name = Extensions.pdf; path = ../../../../BookSamples/Extensions.pdf; sourceTree = "<group>"; };
		84B6538B2851B46400FE8DA9 /* Functions.pdf */ = {isa = PBXFileReference; lastKnownFileType = image.pdf; name = Functions.pdf; path = ../../../../BookSamples/Functions.pdf; sourceTree = "<group>"; };
		84B6538C2851B46400FE8DA9 /* Initialization.pdf */ = {isa = PBXFileReference; lastKnownFileType = image.pdf; name = Initialization.pdf; path = ../../../../BookSamples/Initialization.pdf; sourceTree = "<group>"; };
		84B6538D2851B46400FE8DA9 /* Closures.pdf */ = {isa = PBXFileReference; lastKnownFileType = image.pdf; name = Closures.pdf; path = ../../../../BookSamples/Closures.pdf; sourceTree = "<group>"; };
/* End PBXFileReference section */

/* Begin PBXFrameworksBuildPhase section */
		618CF5D0284FFDEB00BFF072 /* Frameworks */ = {
			isa = PBXFrameworksBuildPhase;
			buildActionMask = 2147483647;
			files = (
			);
			runOnlyForDeploymentPostprocessing = 0;
		};
/* End PBXFrameworksBuildPhase section */

/* Begin PBXGroup section */
		618CF5CA284FFDEB00BFF072 = {
			isa = PBXGroup;
			children = (
				618CF5D5284FFDEB00BFF072 /* TakeItEasy */,
				618CF5D4284FFDEB00BFF072 /* Products */,
			);
			sourceTree = "<group>";
		};
		618CF5D4284FFDEB00BFF072 /* Products */ = {
			isa = PBXGroup;
			children = (
				618CF5D3284FFDEB00BFF072 /* TakeItEasy.app */,
			);
			name = Products;
			sourceTree = "<group>";
		};
		618CF5D5284FFDEB00BFF072 /* TakeItEasy */ = {
			isa = PBXGroup;
			children = (
				84A3C53028513B1600664E96 /* Books */,
				618CF5D6284FFDEB00BFF072 /* AppDelegate.swift */,
				618CF5D8284FFDEB00BFF072 /* SceneDelegate.swift */,
				618CF5DA284FFDEB00BFF072 /* ViewController.swift */,
				618CF5DC284FFDEB00BFF072 /* Main.storyboard */,
				618CF5E2284FFDEC00BFF072 /* Assets.xcassets */,
				618CF5E4284FFDEC00BFF072 /* LaunchScreen.storyboard */,
				618CF5E7284FFDEC00BFF072 /* Info.plist */,
				618CF5DF284FFDEB00BFF072 /* TakeItEasy.xcdatamodeld */,
				84A3C5642851504000664E96 /* NavigationBarData.swift */,
			);
			path = TakeItEasy;
			sourceTree = "<group>";
		};
		84A3C53028513B1600664E96 /* Books */ = {
			isa = PBXGroup;
			children = (
				84B6537E2851B45300FE8DA9 /* BookPdfSamples */,
				84A3C53328513BB300664E96 /* BooksViewController.swift */,
				84A3C53528513BF200664E96 /* GeneralBooksCollectionViewCell.swift */,
				84A3C53B28513C3600664E96 /* TechnologyBooksCollectionViewCell.swift */,
				84A3C53D28513C4900664E96 /* RecipeBooksCollectionViewCell.swift */,
				84A3C5602851406C00664E96 /* OpenedBooksViewController.swift */,
			);
			path = Books;
			sourceTree = "<group>";
		};
		84B6537E2851B45300FE8DA9 /* BookPdfSamples */ = {
			isa = PBXGroup;
			children = (
				84B653812851B46400FE8DA9 /* Basic Operators.pdf */,
				84B6538D2851B46400FE8DA9 /* Closures.pdf */,
				84B653842851B46400FE8DA9 /* Collection Types.pdf */,
				84B653892851B46400FE8DA9 /* Control Flow.pdf */,
				84B653852851B46400FE8DA9 /* Enumerations.pdf */,
				84B653802851B46400FE8DA9 /* Error Handling.pdf */,
				84B6538A2851B46400FE8DA9 /* Extensions.pdf */,
				84B6538B2851B46400FE8DA9 /* Functions.pdf */,
				84B6537F2851B46400FE8DA9 /* Inheritance.pdf */,
				84B6538C2851B46400FE8DA9 /* Initialization.pdf */,
				84B653882851B46400FE8DA9 /* Methods.pdf */,
				84B653862851B46400FE8DA9 /* Nested Types.pdf */,
				84B653822851B46400FE8DA9 /* Optional Chaining.pdf */,
				84B653872851B46400FE8DA9 /* Properties.pdf */,
				84B653832851B46400FE8DA9 /* Structures and Classes.pdf */,
			);
			path = BookPdfSamples;
			sourceTree = "<group>";
		};
/* End PBXGroup section */

/* Begin PBXNativeTarget section */
		618CF5D2284FFDEB00BFF072 /* TakeItEasy */ = {
			isa = PBXNativeTarget;
			buildConfigurationList = 618CF5EA284FFDEC00BFF072 /* Build configuration list for PBXNativeTarget "TakeItEasy" */;
			buildPhases = (
				618CF5CF284FFDEB00BFF072 /* Sources */,
				618CF5D0284FFDEB00BFF072 /* Frameworks */,
				618CF5D1284FFDEB00BFF072 /* Resources */,
			);
			buildRules = (
			);
			dependencies = (
			);
			name = TakeItEasy;
			productName = TakeItEasy;
			productReference = 618CF5D3284FFDEB00BFF072 /* TakeItEasy.app */;
			productType = "com.apple.product-type.application";
		};
/* End PBXNativeTarget section */

/* Begin PBXProject section */
		618CF5CB284FFDEB00BFF072 /* Project object */ = {
			isa = PBXProject;
			attributes = {
				BuildIndependentTargetsInParallel = 1;
				LastSwiftUpdateCheck = 1330;
				LastUpgradeCheck = 1330;
				TargetAttributes = {
					618CF5D2284FFDEB00BFF072 = {
						CreatedOnToolsVersion = 13.3.1;
					};
				};
			};
			buildConfigurationList = 618CF5CE284FFDEB00BFF072 /* Build configuration list for PBXProject "TakeItEasy" */;
			compatibilityVersion = "Xcode 13.0";
			developmentRegion = en;
			hasScannedForEncodings = 0;
			knownRegions = (
				en,
				Base,
			);
			mainGroup = 618CF5CA284FFDEB00BFF072;
			productRefGroup = 618CF5D4284FFDEB00BFF072 /* Products */;
			projectDirPath = "";
			projectRoot = "";
			targets = (
				618CF5D2284FFDEB00BFF072 /* TakeItEasy */,
			);
		};
/* End PBXProject section */

/* Begin PBXResourcesBuildPhase section */
		618CF5D1284FFDEB00BFF072 /* Resources */ = {
			isa = PBXResourcesBuildPhase;
			buildActionMask = 2147483647;
			files = (
				84B653992851B46500FE8DA9 /* Extensions.pdf in Resources */,
				84B653952851B46500FE8DA9 /* Nested Types.pdf in Resources */,
				84B6539B2851B46500FE8DA9 /* Initialization.pdf in Resources */,
				618CF5E6284FFDEC00BFF072 /* LaunchScreen.storyboard in Resources */,
				84B6538E2851B46400FE8DA9 /* Inheritance.pdf in Resources */,
				84B653972851B46500FE8DA9 /* Methods.pdf in Resources */,
				618CF5E3284FFDEC00BFF072 /* Assets.xcassets in Resources */,
				618CF5DE284FFDEB00BFF072 /* Main.storyboard in Resources */,
				84B653902851B46400FE8DA9 /* Basic Operators.pdf in Resources */,
				84B6538F2851B46400FE8DA9 /* Error Handling.pdf in Resources */,
				84B6539C2851B46500FE8DA9 /* Closures.pdf in Resources */,
				84B653942851B46500FE8DA9 /* Enumerations.pdf in Resources */,
				84B653982851B46500FE8DA9 /* Control Flow.pdf in Resources */,
				84B653932851B46400FE8DA9 /* Collection Types.pdf in Resources */,
				84B653912851B46400FE8DA9 /* Optional Chaining.pdf in Resources */,
				84B653922851B46400FE8DA9 /* Structures and Classes.pdf in Resources */,
				84B6539A2851B46500FE8DA9 /* Functions.pdf in Resources */,
				84B653962851B46500FE8DA9 /* Properties.pdf in Resources */,
			);
			runOnlyForDeploymentPostprocessing = 0;
		};
/* End PBXResourcesBuildPhase section */

/* Begin PBXSourcesBuildPhase section */
		618CF5CF284FFDEB00BFF072 /* Sources */ = {
			isa = PBXSourcesBuildPhase;
			buildActionMask = 2147483647;
			files = (
				84A3C53C28513C3600664E96 /* TechnologyBooksCollectionViewCell.swift in Sources */,
				84A3C53628513BF200664E96 /* GeneralBooksCollectionViewCell.swift in Sources */,
				84A3C53428513BB300664E96 /* BooksViewController.swift in Sources */,
				84A3C53E28513C4900664E96 /* RecipeBooksCollectionViewCell.swift in Sources */,
				618CF5DB284FFDEB00BFF072 /* ViewController.swift in Sources */,
				84A3C5652851504000664E96 /* NavigationBarData.swift in Sources */,
				618CF5D7284FFDEB00BFF072 /* AppDelegate.swift in Sources */,
				618CF5D9284FFDEB00BFF072 /* SceneDelegate.swift in Sources */,
				618CF5E1284FFDEB00BFF072 /* TakeItEasy.xcdatamodeld in Sources */,
				84A3C5612851406C00664E96 /* OpenedBooksViewController.swift in Sources */,
			);
			runOnlyForDeploymentPostprocessing = 0;
		};
/* End PBXSourcesBuildPhase section */

/* Begin PBXVariantGroup section */
		618CF5DC284FFDEB00BFF072 /* Main.storyboard */ = {
			isa = PBXVariantGroup;
			children = (
				618CF5DD284FFDEB00BFF072 /* Base */,
			);
			name = Main.storyboard;
			sourceTree = "<group>";
		};
		618CF5E4284FFDEC00BFF072 /* LaunchScreen.storyboard */ = {
			isa = PBXVariantGroup;
			children = (
				618CF5E5284FFDEC00BFF072 /* Base */,
			);
			name = LaunchScreen.storyboard;
			sourceTree = "<group>";
		};
/* End PBXVariantGroup section */

/* Begin XCBuildConfiguration section */
		618CF5E8284FFDEC00BFF072 /* Debug */ = {
			isa = XCBuildConfiguration;
			buildSettings = {
				ALWAYS_SEARCH_USER_PATHS = NO;
				CLANG_ANALYZER_NONNULL = YES;
				CLANG_ANALYZER_NUMBER_OBJECT_CONVERSION = YES_AGGRESSIVE;
				CLANG_CXX_LANGUAGE_STANDARD = "gnu++17";
				CLANG_ENABLE_MODULES = YES;
				CLANG_ENABLE_OBJC_ARC = YES;
				CLANG_ENABLE_OBJC_WEAK = YES;
				CLANG_WARN_BLOCK_CAPTURE_AUTORELEASING = YES;
				CLANG_WARN_BOOL_CONVERSION = YES;
				CLANG_WARN_COMMA = YES;
				CLANG_WARN_CONSTANT_CONVERSION = YES;
				CLANG_WARN_DEPRECATED_OBJC_IMPLEMENTATIONS = YES;
				CLANG_WARN_DIRECT_OBJC_ISA_USAGE = YES_ERROR;
				CLANG_WARN_DOCUMENTATION_COMMENTS = YES;
				CLANG_WARN_EMPTY_BODY = YES;
				CLANG_WARN_ENUM_CONVERSION = YES;
				CLANG_WARN_INFINITE_RECURSION = YES;
				CLANG_WARN_INT_CONVERSION = YES;
				CLANG_WARN_NON_LITERAL_NULL_CONVERSION = YES;
				CLANG_WARN_OBJC_IMPLICIT_RETAIN_SELF = YES;
				CLANG_WARN_OBJC_LITERAL_CONVERSION = YES;
				CLANG_WARN_OBJC_ROOT_CLASS = YES_ERROR;
				CLANG_WARN_QUOTED_INCLUDE_IN_FRAMEWORK_HEADER = YES;
				CLANG_WARN_RANGE_LOOP_ANALYSIS = YES;
				CLANG_WARN_STRICT_PROTOTYPES = YES;
				CLANG_WARN_SUSPICIOUS_MOVE = YES;
				CLANG_WARN_UNGUARDED_AVAILABILITY = YES_AGGRESSIVE;
				CLANG_WARN_UNREACHABLE_CODE = YES;
				CLANG_WARN__DUPLICATE_METHOD_MATCH = YES;
				COPY_PHASE_STRIP = NO;
				DEBUG_INFORMATION_FORMAT = dwarf;
				ENABLE_STRICT_OBJC_MSGSEND = YES;
				ENABLE_TESTABILITY = YES;
				GCC_C_LANGUAGE_STANDARD = gnu11;
				GCC_DYNAMIC_NO_PIC = NO;
				GCC_NO_COMMON_BLOCKS = YES;
				GCC_OPTIMIZATION_LEVEL = 0;
				GCC_PREPROCESSOR_DEFINITIONS = (
					"DEBUG=1",
					"$(inherited)",
				);
				GCC_WARN_64_TO_32_BIT_CONVERSION = YES;
				GCC_WARN_ABOUT_RETURN_TYPE = YES_ERROR;
				GCC_WARN_UNDECLARED_SELECTOR = YES;
				GCC_WARN_UNINITIALIZED_AUTOS = YES_AGGRESSIVE;
				GCC_WARN_UNUSED_FUNCTION = YES;
				GCC_WARN_UNUSED_VARIABLE = YES;
				IPHONEOS_DEPLOYMENT_TARGET = 15.4;
				MTL_ENABLE_DEBUG_INFO = INCLUDE_SOURCE;
				MTL_FAST_MATH = YES;
				ONLY_ACTIVE_ARCH = YES;
				SDKROOT = iphoneos;
				SWIFT_ACTIVE_COMPILATION_CONDITIONS = DEBUG;
				SWIFT_OPTIMIZATION_LEVEL = "-Onone";
			};
			name = Debug;
		};
		618CF5E9284FFDEC00BFF072 /* Release */ = {
			isa = XCBuildConfiguration;
			buildSettings = {
				ALWAYS_SEARCH_USER_PATHS = NO;
				CLANG_ANALYZER_NONNULL = YES;
				CLANG_ANALYZER_NUMBER_OBJECT_CONVERSION = YES_AGGRESSIVE;
				CLANG_CXX_LANGUAGE_STANDARD = "gnu++17";
				CLANG_ENABLE_MODULES = YES;
				CLANG_ENABLE_OBJC_ARC = YES;
				CLANG_ENABLE_OBJC_WEAK = YES;
				CLANG_WARN_BLOCK_CAPTURE_AUTORELEASING = YES;
				CLANG_WARN_BOOL_CONVERSION = YES;
				CLANG_WARN_COMMA = YES;
				CLANG_WARN_CONSTANT_CONVERSION = YES;
				CLANG_WARN_DEPRECATED_OBJC_IMPLEMENTATIONS = YES;
				CLANG_WARN_DIRECT_OBJC_ISA_USAGE = YES_ERROR;
				CLANG_WARN_DOCUMENTATION_COMMENTS = YES;
				CLANG_WARN_EMPTY_BODY = YES;
				CLANG_WARN_ENUM_CONVERSION = YES;
				CLANG_WARN_INFINITE_RECURSION = YES;
				CLANG_WARN_INT_CONVERSION = YES;
				CLANG_WARN_NON_LITERAL_NULL_CONVERSION = YES;
				CLANG_WARN_OBJC_IMPLICIT_RETAIN_SELF = YES;
				CLANG_WARN_OBJC_LITERAL_CONVERSION = YES;
				CLANG_WARN_OBJC_ROOT_CLASS = YES_ERROR;
				CLANG_WARN_QUOTED_INCLUDE_IN_FRAMEWORK_HEADER = YES;
				CLANG_WARN_RANGE_LOOP_ANALYSIS = YES;
				CLANG_WARN_STRICT_PROTOTYPES = YES;
				CLANG_WARN_SUSPICIOUS_MOVE = YES;
				CLANG_WARN_UNGUARDED_AVAILABILITY = YES_AGGRESSIVE;
				CLANG_WARN_UNREACHABLE_CODE = YES;
				CLANG_WARN__DUPLICATE_METHOD_MATCH = YES;
				COPY_PHASE_STRIP = NO;
				DEBUG_INFORMATION_FORMAT = "dwarf-with-dsym";
				ENABLE_NS_ASSERTIONS = NO;
				ENABLE_STRICT_OBJC_MSGSEND = YES;
				GCC_C_LANGUAGE_STANDARD = gnu11;
				GCC_NO_COMMON_BLOCKS = YES;
				GCC_WARN_64_TO_32_BIT_CONVERSION = YES;
				GCC_WARN_ABOUT_RETURN_TYPE = YES_ERROR;
				GCC_WARN_UNDECLARED_SELECTOR = YES;
				GCC_WARN_UNINITIALIZED_AUTOS = YES_AGGRESSIVE;
				GCC_WARN_UNUSED_FUNCTION = YES;
				GCC_WARN_UNUSED_VARIABLE = YES;
				IPHONEOS_DEPLOYMENT_TARGET = 15.4;
				MTL_ENABLE_DEBUG_INFO = NO;
				MTL_FAST_MATH = YES;
				SDKROOT = iphoneos;
				SWIFT_COMPILATION_MODE = wholemodule;
				SWIFT_OPTIMIZATION_LEVEL = "-O";
				VALIDATE_PRODUCT = YES;
			};
			name = Release;
		};
		618CF5EB284FFDEC00BFF072 /* Debug */ = {
			isa = XCBuildConfiguration;
			buildSettings = {
				ASSETCATALOG_COMPILER_APPICON_NAME = AppIcon;
				ASSETCATALOG_COMPILER_GLOBAL_ACCENT_COLOR_NAME = AccentColor;
				CODE_SIGN_STYLE = Automatic;
				CURRENT_PROJECT_VERSION = 1;
				DEVELOPMENT_TEAM = G5MA7JP2RR;
				GENERATE_INFOPLIST_FILE = YES;
				INFOPLIST_FILE = TakeItEasy/Info.plist;
				INFOPLIST_KEY_UIApplicationSupportsIndirectInputEvents = YES;
				INFOPLIST_KEY_UILaunchStoryboardName = LaunchScreen;
				INFOPLIST_KEY_UIMainStoryboardFile = Main;
				INFOPLIST_KEY_UISupportedInterfaceOrientations_iPad = "UIInterfaceOrientationPortrait UIInterfaceOrientationPortraitUpsideDown UIInterfaceOrientationLandscapeLeft UIInterfaceOrientationLandscapeRight";
				INFOPLIST_KEY_UISupportedInterfaceOrientations_iPhone = "UIInterfaceOrientationPortrait UIInterfaceOrientationLandscapeLeft UIInterfaceOrientationLandscapeRight";
				IPHONEOS_DEPLOYMENT_TARGET = 15.0;
				LD_RUNPATH_SEARCH_PATHS = (
					"$(inherited)",
					"@executable_path/Frameworks",
				);
				MARKETING_VERSION = 1.0;
				PRODUCT_BUNDLE_IDENTIFIER = vince.myprojects.TakeItEasy;
				PRODUCT_NAME = "$(TARGET_NAME)";
				SWIFT_EMIT_LOC_STRINGS = YES;
				SWIFT_VERSION = 5.0;
				TARGETED_DEVICE_FAMILY = "1,2";
			};
			name = Debug;
		};
		618CF5EC284FFDEC00BFF072 /* Release */ = {
			isa = XCBuildConfiguration;
			buildSettings = {
				ASSETCATALOG_COMPILER_APPICON_NAME = AppIcon;
				ASSETCATALOG_COMPILER_GLOBAL_ACCENT_COLOR_NAME = AccentColor;
				CODE_SIGN_STYLE = Automatic;
				CURRENT_PROJECT_VERSION = 1;
				DEVELOPMENT_TEAM = G5MA7JP2RR;
				GENERATE_INFOPLIST_FILE = YES;
				INFOPLIST_FILE = TakeItEasy/Info.plist;
				INFOPLIST_KEY_UIApplicationSupportsIndirectInputEvents = YES;
				INFOPLIST_KEY_UILaunchStoryboardName = LaunchScreen;
				INFOPLIST_KEY_UIMainStoryboardFile = Main;
				INFOPLIST_KEY_UISupportedInterfaceOrientations_iPad = "UIInterfaceOrientationPortrait UIInterfaceOrientationPortraitUpsideDown UIInterfaceOrientationLandscapeLeft UIInterfaceOrientationLandscapeRight";
				INFOPLIST_KEY_UISupportedInterfaceOrientations_iPhone = "UIInterfaceOrientationPortrait UIInterfaceOrientationLandscapeLeft UIInterfaceOrientationLandscapeRight";
				IPHONEOS_DEPLOYMENT_TARGET = 15.0;
				LD_RUNPATH_SEARCH_PATHS = (
					"$(inherited)",
					"@executable_path/Frameworks",
				);
				MARKETING_VERSION = 1.0;
				PRODUCT_BUNDLE_IDENTIFIER = vince.myprojects.TakeItEasy;
				PRODUCT_NAME = "$(TARGET_NAME)";
				SWIFT_EMIT_LOC_STRINGS = YES;
				SWIFT_VERSION = 5.0;
				TARGETED_DEVICE_FAMILY = "1,2";
			};
			name = Release;
		};
/* End XCBuildConfiguration section */

/* Begin XCConfigurationList section */
		618CF5CE284FFDEB00BFF072 /* Build configuration list for PBXProject "TakeItEasy" */ = {
			isa = XCConfigurationList;
			buildConfigurations = (
				618CF5E8284FFDEC00BFF072 /* Debug */,
				618CF5E9284FFDEC00BFF072 /* Release */,
			);
			defaultConfigurationIsVisible = 0;
			defaultConfigurationName = Release;
		};
		618CF5EA284FFDEC00BFF072 /* Build configuration list for PBXNativeTarget "TakeItEasy" */ = {
			isa = XCConfigurationList;
			buildConfigurations = (
				618CF5EB284FFDEC00BFF072 /* Debug */,
				618CF5EC284FFDEC00BFF072 /* Release */,
			);
			defaultConfigurationIsVisible = 0;
			defaultConfigurationName = Release;
		};
/* End XCConfigurationList section */

/* Begin XCVersionGroup section */
		618CF5DF284FFDEB00BFF072 /* TakeItEasy.xcdatamodeld */ = {
			isa = XCVersionGroup;
			children = (
				618CF5E0284FFDEB00BFF072 /* TakeItEasy.xcdatamodel */,
			);
			currentVersion = 618CF5E0284FFDEB00BFF072 /* TakeItEasy.xcdatamodel */;
			path = TakeItEasy.xcdatamodeld;
			sourceTree = "<group>";
			versionGroupType = wrapper.xcdatamodel;
		};
/* End XCVersionGroup section */
	};
	rootObject = 618CF5CB284FFDEB00BFF072 /* Project object */;
}
