// !$*UTF8*$!
{
	archiveVersion = 1;
	classes = {
	};
	objectVersion = 55;
	objects = {

/* Begin PBXBuildFile section */
		618CF5D7284FFDEB00BFF072 /* AppDelegate.swift in Sources */ = {isa = PBXBuildFile; fileRef = 618CF5D6284FFDEB00BFF072 /* AppDelegate.swift */; };
		618CF5D9284FFDEB00BFF072 /* SceneDelegate.swift in Sources */ = {isa = PBXBuildFile; fileRef = 618CF5D8284FFDEB00BFF072 /* SceneDelegate.swift */; };
		618CF5DB284FFDEB00BFF072 /* ViewController.swift in Sources */ = {isa = PBXBuildFile; fileRef = 618CF5DA284FFDEB00BFF072 /* ViewController.swift */; };
		618CF5DE284FFDEB00BFF072 /* Main.storyboard in Resources */ = {isa = PBXBuildFile; fileRef = 618CF5DC284FFDEB00BFF072 /* Main.storyboard */; };
		618CF5E1284FFDEB00BFF072 /* TakeItEasy.xcdatamodeld in Sources */ = {isa = PBXBuildFile; fileRef = 618CF5DF284FFDEB00BFF072 /* TakeItEasy.xcdatamodeld */; };
		618CF5E3284FFDEC00BFF072 /* Assets.xcassets in Resources */ = {isa = PBXBuildFile; fileRef = 618CF5E2284FFDEC00BFF072 /* Assets.xcassets */; };
		618CF5E6284FFDEC00BFF072 /* LaunchScreen.storyboard in Resources */ = {isa = PBXBuildFile; fileRef = 618CF5E4284FFDEC00BFF072 /* LaunchScreen.storyboard */; };
		6192AF4C28517C4600631265 /* LoginPageViewController.swift in Sources */ = {isa = PBXBuildFile; fileRef = 6192AF4B28517C4600631265 /* LoginPageViewController.swift */; };
		6192AF5028517CDC00631265 /* DBLoginHelperClass.swift in Sources */ = {isa = PBXBuildFile; fileRef = 6192AF4F28517CDC00631265 /* DBLoginHelperClass.swift */; };
		6192AF5328517CFA00631265 /* User+CoreDataClass.swift in Sources */ = {isa = PBXBuildFile; fileRef = 6192AF5128517CFA00631265 /* User+CoreDataClass.swift */; };
		6192AF5428517CFA00631265 /* User+CoreDataProperties.swift in Sources */ = {isa = PBXBuildFile; fileRef = 6192AF5228517CFA00631265 /* User+CoreDataProperties.swift */; };
		6192AF5728517E4A00631265 /* LoginConstants.swift in Sources */ = {isa = PBXBuildFile; fileRef = 6192AF5628517E4A00631265 /* LoginConstants.swift */; };
		6192AF5928517F5300631265 /* MetaData.swift in Sources */ = {isa = PBXBuildFile; fileRef = 6192AF5828517F5300631265 /* MetaData.swift */; };
		6192AF5C28517F9100631265 /* KeychainManager.swift in Sources */ = {isa = PBXBuildFile; fileRef = 6192AF5B28517F9100631265 /* KeychainManager.swift */; };
		6192AF5E28517FEA00631265 /* KeychainConstants.swift in Sources */ = {isa = PBXBuildFile; fileRef = 6192AF5D28517FEA00631265 /* KeychainConstants.swift */; };
		6192AF60285180B700631265 /* RememberMeHelper.swift in Sources */ = {isa = PBXBuildFile; fileRef = 6192AF5F285180B700631265 /* RememberMeHelper.swift */; };
		6192AF632851813700631265 /* Helpers.swift in Sources */ = {isa = PBXBuildFile; fileRef = 6192AF622851813700631265 /* Helpers.swift */; };
		6192AF66285195B800631265 /* SignupPageViewController.swift in Sources */ = {isa = PBXBuildFile; fileRef = 6192AF65285195B800631265 /* SignupPageViewController.swift */; };
		6192AF8E2851AD1800631265 /* SignupConstants.swift in Sources */ = {isa = PBXBuildFile; fileRef = 6192AF8D2851AD1800631265 /* SignupConstants.swift */; };
		6192AFB92852532800631265 /* Quiz.swift in Sources */ = {isa = PBXBuildFile; fileRef = 6192AFB82852532800631265 /* Quiz.swift */; };
		6192AFBB2852535500631265 /* QuizPageViewController.swift in Sources */ = {isa = PBXBuildFile; fileRef = 6192AFBA2852535500631265 /* QuizPageViewController.swift */; };
		6192AFBD2852536C00631265 /* QuizCollectionViewCell.swift in Sources */ = {isa = PBXBuildFile; fileRef = 6192AFBC2852536C00631265 /* QuizCollectionViewCell.swift */; };
		6192B0032852810700631265 /* QuestionsPageViewController.swift in Sources */ = {isa = PBXBuildFile; fileRef = 6192B0022852810700631265 /* QuestionsPageViewController.swift */; };
		6192B0252852954C00631265 /* QuestionCollectionViewCell.swift in Sources */ = {isa = PBXBuildFile; fileRef = 6192B0242852954C00631265 /* QuestionCollectionViewCell.swift */; };
		6192B069285392D900631265 /* ScoreKeeper.swift in Sources */ = {isa = PBXBuildFile; fileRef = 6192B068285392D900631265 /* ScoreKeeper.swift */; };
		733261AC28522E19008CBC5C /* MusicViewController.swift in Sources */ = {isa = PBXBuildFile; fileRef = 733261AB28522E19008CBC5C /* MusicViewController.swift */; };
		733261AF28522E68008CBC5C /* MusicCollectionViewCell.swift in Sources */ = {isa = PBXBuildFile; fileRef = 733261AE28522E68008CBC5C /* MusicCollectionViewCell.swift */; };
		849C70C6285262D800452F1F /* SearchBarTableViewCell.swift in Sources */ = {isa = PBXBuildFile; fileRef = 849C70C5285262D800452F1F /* SearchBarTableViewCell.swift */; };
		84A3C53428513BB300664E96 /* BooksViewController.swift in Sources */ = {isa = PBXBuildFile; fileRef = 84A3C53328513BB300664E96 /* BooksViewController.swift */; };
		84A3C53628513BF200664E96 /* GeneralBooksCollectionViewCell.swift in Sources */ = {isa = PBXBuildFile; fileRef = 84A3C53528513BF200664E96 /* GeneralBooksCollectionViewCell.swift */; };
		84A3C53C28513C3600664E96 /* TechnologyBooksCollectionViewCell.swift in Sources */ = {isa = PBXBuildFile; fileRef = 84A3C53B28513C3600664E96 /* TechnologyBooksCollectionViewCell.swift */; };
		84A3C53E28513C4900664E96 /* RecipeBooksCollectionViewCell.swift in Sources */ = {isa = PBXBuildFile; fileRef = 84A3C53D28513C4900664E96 /* RecipeBooksCollectionViewCell.swift */; };
		84A3C5612851406C00664E96 /* OpenedBooksViewController.swift in Sources */ = {isa = PBXBuildFile; fileRef = 84A3C5602851406C00664E96 /* OpenedBooksViewController.swift */; };
/* End PBXBuildFile section */

/* Begin PBXFileReference section */
		618CF5D3284FFDEB00BFF072 /* TakeItEasy.app */ = {isa = PBXFileReference; explicitFileType = wrapper.application; includeInIndex = 0; path = TakeItEasy.app; sourceTree = BUILT_PRODUCTS_DIR; };
		618CF5D6284FFDEB00BFF072 /* AppDelegate.swift */ = {isa = PBXFileReference; lastKnownFileType = sourcecode.swift; path = AppDelegate.swift; sourceTree = "<group>"; };
		618CF5D8284FFDEB00BFF072 /* SceneDelegate.swift */ = {isa = PBXFileReference; lastKnownFileType = sourcecode.swift; path = SceneDelegate.swift; sourceTree = "<group>"; };
		618CF5DA284FFDEB00BFF072 /* ViewController.swift */ = {isa = PBXFileReference; lastKnownFileType = sourcecode.swift; path = ViewController.swift; sourceTree = "<group>"; };
		618CF5DD284FFDEB00BFF072 /* Base */ = {isa = PBXFileReference; lastKnownFileType = file.storyboard; name = Base; path = Base.lproj/Main.storyboard; sourceTree = "<group>"; };
		618CF5E0284FFDEB00BFF072 /* TakeItEasy.xcdatamodel */ = {isa = PBXFileReference; lastKnownFileType = wrapper.xcdatamodel; path = TakeItEasy.xcdatamodel; sourceTree = "<group>"; };
		618CF5E2284FFDEC00BFF072 /* Assets.xcassets */ = {isa = PBXFileReference; lastKnownFileType = folder.assetcatalog; path = Assets.xcassets; sourceTree = "<group>"; };
		618CF5E5284FFDEC00BFF072 /* Base */ = {isa = PBXFileReference; lastKnownFileType = file.storyboard; name = Base; path = Base.lproj/LaunchScreen.storyboard; sourceTree = "<group>"; };
		618CF5E7284FFDEC00BFF072 /* Info.plist */ = {isa = PBXFileReference; lastKnownFileType = text.plist.xml; path = Info.plist; sourceTree = "<group>"; };
		6192AF4B28517C4600631265 /* LoginPageViewController.swift */ = {isa = PBXFileReference; lastKnownFileType = sourcecode.swift; path = LoginPageViewController.swift; sourceTree = "<group>"; };
		6192AF4F28517CDC00631265 /* DBLoginHelperClass.swift */ = {isa = PBXFileReference; lastKnownFileType = sourcecode.swift; path = DBLoginHelperClass.swift; sourceTree = "<group>"; };
		6192AF5128517CFA00631265 /* User+CoreDataClass.swift */ = {isa = PBXFileReference; lastKnownFileType = sourcecode.swift; path = "User+CoreDataClass.swift"; sourceTree = "<group>"; };
		6192AF5228517CFA00631265 /* User+CoreDataProperties.swift */ = {isa = PBXFileReference; lastKnownFileType = sourcecode.swift; path = "User+CoreDataProperties.swift"; sourceTree = "<group>"; };
		6192AF5628517E4A00631265 /* LoginConstants.swift */ = {isa = PBXFileReference; lastKnownFileType = sourcecode.swift; path = LoginConstants.swift; sourceTree = "<group>"; };
		6192AF5828517F5300631265 /* MetaData.swift */ = {isa = PBXFileReference; lastKnownFileType = sourcecode.swift; path = MetaData.swift; sourceTree = "<group>"; };
		6192AF5B28517F9100631265 /* KeychainManager.swift */ = {isa = PBXFileReference; lastKnownFileType = sourcecode.swift; path = KeychainManager.swift; sourceTree = "<group>"; };
		6192AF5D28517FEA00631265 /* KeychainConstants.swift */ = {isa = PBXFileReference; lastKnownFileType = sourcecode.swift; path = KeychainConstants.swift; sourceTree = "<group>"; };
		6192AF5F285180B700631265 /* RememberMeHelper.swift */ = {isa = PBXFileReference; lastKnownFileType = sourcecode.swift; path = RememberMeHelper.swift; sourceTree = "<group>"; };
		6192AF622851813700631265 /* Helpers.swift */ = {isa = PBXFileReference; lastKnownFileType = sourcecode.swift; path = Helpers.swift; sourceTree = "<group>"; };
		6192AF65285195B800631265 /* SignupPageViewController.swift */ = {isa = PBXFileReference; lastKnownFileType = sourcecode.swift; path = SignupPageViewController.swift; sourceTree = "<group>"; };
		6192AF8D2851AD1800631265 /* SignupConstants.swift */ = {isa = PBXFileReference; lastKnownFileType = sourcecode.swift; path = SignupConstants.swift; sourceTree = "<group>"; };
		6192AFB82852532800631265 /* Quiz.swift */ = {isa = PBXFileReference; lastKnownFileType = sourcecode.swift; path = Quiz.swift; sourceTree = "<group>"; };
		6192AFBA2852535500631265 /* QuizPageViewController.swift */ = {isa = PBXFileReference; lastKnownFileType = sourcecode.swift; path = QuizPageViewController.swift; sourceTree = "<group>"; };
		6192AFBC2852536C00631265 /* QuizCollectionViewCell.swift */ = {isa = PBXFileReference; lastKnownFileType = sourcecode.swift; path = QuizCollectionViewCell.swift; sourceTree = "<group>"; };
		6192B0022852810700631265 /* QuestionsPageViewController.swift */ = {isa = PBXFileReference; lastKnownFileType = sourcecode.swift; path = QuestionsPageViewController.swift; sourceTree = "<group>"; };
		6192B0242852954C00631265 /* QuestionCollectionViewCell.swift */ = {isa = PBXFileReference; lastKnownFileType = sourcecode.swift; path = QuestionCollectionViewCell.swift; sourceTree = "<group>"; };
		6192B068285392D900631265 /* ScoreKeeper.swift */ = {isa = PBXFileReference; lastKnownFileType = sourcecode.swift; path = ScoreKeeper.swift; sourceTree = "<group>"; };
		733261AB28522E19008CBC5C /* MusicViewController.swift */ = {isa = PBXFileReference; lastKnownFileType = sourcecode.swift; path = MusicViewController.swift; sourceTree = "<group>"; };
		733261AE28522E68008CBC5C /* MusicCollectionViewCell.swift */ = {isa = PBXFileReference; lastKnownFileType = sourcecode.swift; path = MusicCollectionViewCell.swift; sourceTree = "<group>"; };
		849C70C5285262D800452F1F /* SearchBarTableViewCell.swift */ = {isa = PBXFileReference; lastKnownFileType = sourcecode.swift; path = SearchBarTableViewCell.swift; sourceTree = "<group>"; };
		84A3C53328513BB300664E96 /* BooksViewController.swift */ = {isa = PBXFileReference; lastKnownFileType = sourcecode.swift; path = BooksViewController.swift; sourceTree = "<group>"; };
		84A3C53528513BF200664E96 /* GeneralBooksCollectionViewCell.swift */ = {isa = PBXFileReference; lastKnownFileType = sourcecode.swift; path = GeneralBooksCollectionViewCell.swift; sourceTree = "<group>"; };
		84A3C53B28513C3600664E96 /* TechnologyBooksCollectionViewCell.swift */ = {isa = PBXFileReference; lastKnownFileType = sourcecode.swift; path = TechnologyBooksCollectionViewCell.swift; sourceTree = "<group>"; };
		84A3C53D28513C4900664E96 /* RecipeBooksCollectionViewCell.swift */ = {isa = PBXFileReference; lastKnownFileType = sourcecode.swift; path = RecipeBooksCollectionViewCell.swift; sourceTree = "<group>"; };
		84A3C5602851406C00664E96 /* OpenedBooksViewController.swift */ = {isa = PBXFileReference; lastKnownFileType = sourcecode.swift; path = OpenedBooksViewController.swift; sourceTree = "<group>"; };
/* End PBXFileReference section */

/* Begin PBXFrameworksBuildPhase section */
		618CF5D0284FFDEB00BFF072 /* Frameworks */ = {
			isa = PBXFrameworksBuildPhase;
			buildActionMask = 2147483647;
			files = (
			);
			runOnlyForDeploymentPostprocessing = 0;
		};
/* End PBXFrameworksBuildPhase section */

/* Begin PBXGroup section */
		618CF5CA284FFDEB00BFF072 = {
			isa = PBXGroup;
			children = (
				6192AF5128517CFA00631265 /* User+CoreDataClass.swift */,
				6192AF5228517CFA00631265 /* User+CoreDataProperties.swift */,
				618CF5D5284FFDEB00BFF072 /* TakeItEasy */,
				618CF5D4284FFDEB00BFF072 /* Products */,
			);
			sourceTree = "<group>";
		};
		618CF5D4284FFDEB00BFF072 /* Products */ = {
			isa = PBXGroup;
			children = (
				618CF5D3284FFDEB00BFF072 /* TakeItEasy.app */,
			);
			name = Products;
			sourceTree = "<group>";
		};
		618CF5D5284FFDEB00BFF072 /* TakeItEasy */ = {
			isa = PBXGroup;
			children = (
				6192AFB72852531A00631265 /* Classes */,
				733261AD28522E2B008CBC5C /* Music */,
				6192AF612851812C00631265 /* Helpers */,
				6192AF5A28517F7800631265 /* Utils */,
				6192AF5528517DC000631265 /* Constants */,
				6192AF4D28517C8F00631265 /* CoreData */,
				6192AF4928517C2600631265 /* Controllers */,
				84A3C53028513B1600664E96 /* Books */,
				618CF5D6284FFDEB00BFF072 /* AppDelegate.swift */,
				618CF5D8284FFDEB00BFF072 /* SceneDelegate.swift */,
				618CF5DA284FFDEB00BFF072 /* ViewController.swift */,
				618CF5DC284FFDEB00BFF072 /* Main.storyboard */,
				618CF5E2284FFDEC00BFF072 /* Assets.xcassets */,
				618CF5E4284FFDEC00BFF072 /* LaunchScreen.storyboard */,
				618CF5E7284FFDEC00BFF072 /* Info.plist */,
				618CF5DF284FFDEB00BFF072 /* TakeItEasy.xcdatamodeld */,
			);
			path = TakeItEasy;
			sourceTree = "<group>";
		};
		6192AF4928517C2600631265 /* Controllers */ = {
			isa = PBXGroup;
			children = (
				6192B001285280F400631265 /* QuestionsPage */,
				6192AFB62852530700631265 /* QuizPage */,
				6192AF64285195A500631265 /* SignupPage */,
				6192AF4A28517C3000631265 /* LoginPage */,
			);
			path = Controllers;
			sourceTree = "<group>";
		};
		6192AF4A28517C3000631265 /* LoginPage */ = {
			isa = PBXGroup;
			children = (
				6192AF4B28517C4600631265 /* LoginPageViewController.swift */,
			);
			path = LoginPage;
			sourceTree = "<group>";
		};
		6192AF4D28517C8F00631265 /* CoreData */ = {
			isa = PBXGroup;
			children = (
				6192AF4F28517CDC00631265 /* DBLoginHelperClass.swift */,
			);
			path = CoreData;
			sourceTree = "<group>";
		};
		6192AF5528517DC000631265 /* Constants */ = {
			isa = PBXGroup;
			children = (
				6192AF5628517E4A00631265 /* LoginConstants.swift */,
				6192AF5828517F5300631265 /* MetaData.swift */,
				6192AF5D28517FEA00631265 /* KeychainConstants.swift */,
				6192AF8D2851AD1800631265 /* SignupConstants.swift */,
			);
			path = Constants;
			sourceTree = "<group>";
		};
		6192AF5A28517F7800631265 /* Utils */ = {
			isa = PBXGroup;
			children = (
				6192AF5B28517F9100631265 /* KeychainManager.swift */,
				6192AF5F285180B700631265 /* RememberMeHelper.swift */,
			);
			path = Utils;
			sourceTree = "<group>";
		};
		6192AF612851812C00631265 /* Helpers */ = {
			isa = PBXGroup;
			children = (
				6192AF622851813700631265 /* Helpers.swift */,
			);
			path = Helpers;
			sourceTree = "<group>";
		};
		6192AF64285195A500631265 /* SignupPage */ = {
			isa = PBXGroup;
			children = (
				6192AF65285195B800631265 /* SignupPageViewController.swift */,
			);
			path = SignupPage;
			sourceTree = "<group>";
		};
		6192AFB62852530700631265 /* QuizPage */ = {
			isa = PBXGroup;
			children = (
				6192AFBA2852535500631265 /* QuizPageViewController.swift */,
				6192AFBC2852536C00631265 /* QuizCollectionViewCell.swift */,
			);
			path = QuizPage;
			sourceTree = "<group>";
		};
		6192AFB72852531A00631265 /* Classes */ = {
			isa = PBXGroup;
			children = (
				6192AFB82852532800631265 /* Quiz.swift */,
				6192B068285392D900631265 /* ScoreKeeper.swift */,
			);
			path = Classes;
			sourceTree = "<group>";
		};
		6192B001285280F400631265 /* QuestionsPage */ = {
			isa = PBXGroup;
			children = (
				6192B0022852810700631265 /* QuestionsPageViewController.swift */,
				6192B0242852954C00631265 /* QuestionCollectionViewCell.swift */,
			);
			path = QuestionsPage;
			sourceTree = "<group>";
		};
		733261AD28522E2B008CBC5C /* Music */ = {
			isa = PBXGroup;
			children = (
				733261AB28522E19008CBC5C /* MusicViewController.swift */,
				733261AE28522E68008CBC5C /* MusicCollectionViewCell.swift */,
			);
			path = Music;
			sourceTree = "<group>";
		};
		84A3C53028513B1600664E96 /* Books */ = {
			isa = PBXGroup;
			children = (
				84A3C53328513BB300664E96 /* BooksViewController.swift */,
				84A3C53528513BF200664E96 /* GeneralBooksCollectionViewCell.swift */,
				84A3C53B28513C3600664E96 /* TechnologyBooksCollectionViewCell.swift */,
				84A3C53D28513C4900664E96 /* RecipeBooksCollectionViewCell.swift */,
				84A3C5602851406C00664E96 /* OpenedBooksViewController.swift */,
				849C70C5285262D800452F1F /* SearchBarTableViewCell.swift */,
			);
			path = Books;
			sourceTree = "<group>";
		};
/* End PBXGroup section */

/* Begin PBXNativeTarget section */
		618CF5D2284FFDEB00BFF072 /* TakeItEasy */ = {
			isa = PBXNativeTarget;
			buildConfigurationList = 618CF5EA284FFDEC00BFF072 /* Build configuration list for PBXNativeTarget "TakeItEasy" */;
			buildPhases = (
				618CF5CF284FFDEB00BFF072 /* Sources */,
				618CF5D0284FFDEB00BFF072 /* Frameworks */,
				618CF5D1284FFDEB00BFF072 /* Resources */,
			);
			buildRules = (
			);
			dependencies = (
			);
			name = TakeItEasy;
			productName = TakeItEasy;
			productReference = 618CF5D3284FFDEB00BFF072 /* TakeItEasy.app */;
			productType = "com.apple.product-type.application";
		};
/* End PBXNativeTarget section */

/* Begin PBXProject section */
		618CF5CB284FFDEB00BFF072 /* Project object */ = {
			isa = PBXProject;
			attributes = {
				BuildIndependentTargetsInParallel = 1;
				LastSwiftUpdateCheck = 1330;
				LastUpgradeCheck = 1330;
				TargetAttributes = {
					618CF5D2284FFDEB00BFF072 = {
						CreatedOnToolsVersion = 13.3.1;
					};
				};
			};
			buildConfigurationList = 618CF5CE284FFDEB00BFF072 /* Build configuration list for PBXProject "TakeItEasy" */;
			compatibilityVersion = "Xcode 13.0";
			developmentRegion = en;
			hasScannedForEncodings = 0;
			knownRegions = (
				en,
				Base,
			);
			mainGroup = 618CF5CA284FFDEB00BFF072;
			productRefGroup = 618CF5D4284FFDEB00BFF072 /* Products */;
			projectDirPath = "";
			projectRoot = "";
			targets = (
				618CF5D2284FFDEB00BFF072 /* TakeItEasy */,
			);
		};
/* End PBXProject section */

/* Begin PBXResourcesBuildPhase section */
		618CF5D1284FFDEB00BFF072 /* Resources */ = {
			isa = PBXResourcesBuildPhase;
			buildActionMask = 2147483647;
			files = (
				618CF5E6284FFDEC00BFF072 /* LaunchScreen.storyboard in Resources */,
				618CF5E3284FFDEC00BFF072 /* Assets.xcassets in Resources */,
				618CF5DE284FFDEB00BFF072 /* Main.storyboard in Resources */,
			);
			runOnlyForDeploymentPostprocessing = 0;
		};
/* End PBXResourcesBuildPhase section */

/* Begin PBXSourcesBuildPhase section */
		618CF5CF284FFDEB00BFF072 /* Sources */ = {
			isa = PBXSourcesBuildPhase;
			buildActionMask = 2147483647;
			files = (
				84A3C53C28513C3600664E96 /* TechnologyBooksCollectionViewCell.swift in Sources */,
				6192B0252852954C00631265 /* QuestionCollectionViewCell.swift in Sources */,
				6192AFBD2852536C00631265 /* QuizCollectionViewCell.swift in Sources */,
				6192AF632851813700631265 /* Helpers.swift in Sources */,
				84A3C53628513BF200664E96 /* GeneralBooksCollectionViewCell.swift in Sources */,
				6192AF60285180B700631265 /* RememberMeHelper.swift in Sources */,
				6192B069285392D900631265 /* ScoreKeeper.swift in Sources */,
				6192AF5328517CFA00631265 /* User+CoreDataClass.swift in Sources */,
				849C70C6285262D800452F1F /* SearchBarTableViewCell.swift in Sources */,
				84A3C53428513BB300664E96 /* BooksViewController.swift in Sources */,
				6192AF8E2851AD1800631265 /* SignupConstants.swift in Sources */,
				6192AF4C28517C4600631265 /* LoginPageViewController.swift in Sources */,
				84A3C53E28513C4900664E96 /* RecipeBooksCollectionViewCell.swift in Sources */,
				618CF5DB284FFDEB00BFF072 /* ViewController.swift in Sources */,
				6192AF5C28517F9100631265 /* KeychainManager.swift in Sources */,
				6192AFB92852532800631265 /* Quiz.swift in Sources */,
				618CF5D7284FFDEB00BFF072 /* AppDelegate.swift in Sources */,
				6192AFBB2852535500631265 /* QuizPageViewController.swift in Sources */,
				618CF5D9284FFDEB00BFF072 /* SceneDelegate.swift in Sources */,
				6192B0032852810700631265 /* QuestionsPageViewController.swift in Sources */,
				6192AF5028517CDC00631265 /* DBLoginHelperClass.swift in Sources */,
				6192AF5428517CFA00631265 /* User+CoreDataProperties.swift in Sources */,
				618CF5E1284FFDEB00BFF072 /* TakeItEasy.xcdatamodeld in Sources */,
				733261AC28522E19008CBC5C /* MusicViewController.swift in Sources */,
				6192AF66285195B800631265 /* SignupPageViewController.swift in Sources */,
				84A3C5612851406C00664E96 /* OpenedBooksViewController.swift in Sources */,
				6192AF5728517E4A00631265 /* LoginConstants.swift in Sources */,
				6192AF5E28517FEA00631265 /* KeychainConstants.swift in Sources */,
				733261AF28522E68008CBC5C /* MusicCollectionViewCell.swift in Sources */,
				6192AF5928517F5300631265 /* MetaData.swift in Sources */,
			);
			runOnlyForDeploymentPostprocessing = 0;
		};
/* End PBXSourcesBuildPhase section */

/* Begin PBXVariantGroup section */
		618CF5DC284FFDEB00BFF072 /* Main.storyboard */ = {
			isa = PBXVariantGroup;
			children = (
				618CF5DD284FFDEB00BFF072 /* Base */,
			);
			name = Main.storyboard;
			sourceTree = "<group>";
		};
		618CF5E4284FFDEC00BFF072 /* LaunchScreen.storyboard */ = {
			isa = PBXVariantGroup;
			children = (
				618CF5E5284FFDEC00BFF072 /* Base */,
			);
			name = LaunchScreen.storyboard;
			sourceTree = "<group>";
		};
/* End PBXVariantGroup section */

/* Begin XCBuildConfiguration section */
		618CF5E8284FFDEC00BFF072 /* Debug */ = {
			isa = XCBuildConfiguration;
			buildSettings = {
				ALWAYS_SEARCH_USER_PATHS = NO;
				CLANG_ANALYZER_NONNULL = YES;
				CLANG_ANALYZER_NUMBER_OBJECT_CONVERSION = YES_AGGRESSIVE;
				CLANG_CXX_LANGUAGE_STANDARD = "gnu++17";
				CLANG_ENABLE_MODULES = YES;
				CLANG_ENABLE_OBJC_ARC = YES;
				CLANG_ENABLE_OBJC_WEAK = YES;
				CLANG_WARN_BLOCK_CAPTURE_AUTORELEASING = YES;
				CLANG_WARN_BOOL_CONVERSION = YES;
				CLANG_WARN_COMMA = YES;
				CLANG_WARN_CONSTANT_CONVERSION = YES;
				CLANG_WARN_DEPRECATED_OBJC_IMPLEMENTATIONS = YES;
				CLANG_WARN_DIRECT_OBJC_ISA_USAGE = YES_ERROR;
				CLANG_WARN_DOCUMENTATION_COMMENTS = YES;
				CLANG_WARN_EMPTY_BODY = YES;
				CLANG_WARN_ENUM_CONVERSION = YES;
				CLANG_WARN_INFINITE_RECURSION = YES;
				CLANG_WARN_INT_CONVERSION = YES;
				CLANG_WARN_NON_LITERAL_NULL_CONVERSION = YES;
				CLANG_WARN_OBJC_IMPLICIT_RETAIN_SELF = YES;
				CLANG_WARN_OBJC_LITERAL_CONVERSION = YES;
				CLANG_WARN_OBJC_ROOT_CLASS = YES_ERROR;
				CLANG_WARN_QUOTED_INCLUDE_IN_FRAMEWORK_HEADER = YES;
				CLANG_WARN_RANGE_LOOP_ANALYSIS = YES;
				CLANG_WARN_STRICT_PROTOTYPES = YES;
				CLANG_WARN_SUSPICIOUS_MOVE = YES;
				CLANG_WARN_UNGUARDED_AVAILABILITY = YES_AGGRESSIVE;
				CLANG_WARN_UNREACHABLE_CODE = YES;
				CLANG_WARN__DUPLICATE_METHOD_MATCH = YES;
				COPY_PHASE_STRIP = NO;
				DEBUG_INFORMATION_FORMAT = dwarf;
				ENABLE_STRICT_OBJC_MSGSEND = YES;
				ENABLE_TESTABILITY = YES;
				GCC_C_LANGUAGE_STANDARD = gnu11;
				GCC_DYNAMIC_NO_PIC = NO;
				GCC_NO_COMMON_BLOCKS = YES;
				GCC_OPTIMIZATION_LEVEL = 0;
				GCC_PREPROCESSOR_DEFINITIONS = (
					"DEBUG=1",
					"$(inherited)",
				);
				GCC_WARN_64_TO_32_BIT_CONVERSION = YES;
				GCC_WARN_ABOUT_RETURN_TYPE = YES_ERROR;
				GCC_WARN_UNDECLARED_SELECTOR = YES;
				GCC_WARN_UNINITIALIZED_AUTOS = YES_AGGRESSIVE;
				GCC_WARN_UNUSED_FUNCTION = YES;
				GCC_WARN_UNUSED_VARIABLE = YES;
				IPHONEOS_DEPLOYMENT_TARGET = 15.4;
				MTL_ENABLE_DEBUG_INFO = INCLUDE_SOURCE;
				MTL_FAST_MATH = YES;
				ONLY_ACTIVE_ARCH = YES;
				SDKROOT = iphoneos;
				SWIFT_ACTIVE_COMPILATION_CONDITIONS = DEBUG;
				SWIFT_OPTIMIZATION_LEVEL = "-Onone";
			};
			name = Debug;
		};
		618CF5E9284FFDEC00BFF072 /* Release */ = {
			isa = XCBuildConfiguration;
			buildSettings = {
				ALWAYS_SEARCH_USER_PATHS = NO;
				CLANG_ANALYZER_NONNULL = YES;
				CLANG_ANALYZER_NUMBER_OBJECT_CONVERSION = YES_AGGRESSIVE;
				CLANG_CXX_LANGUAGE_STANDARD = "gnu++17";
				CLANG_ENABLE_MODULES = YES;
				CLANG_ENABLE_OBJC_ARC = YES;
				CLANG_ENABLE_OBJC_WEAK = YES;
				CLANG_WARN_BLOCK_CAPTURE_AUTORELEASING = YES;
				CLANG_WARN_BOOL_CONVERSION = YES;
				CLANG_WARN_COMMA = YES;
				CLANG_WARN_CONSTANT_CONVERSION = YES;
				CLANG_WARN_DEPRECATED_OBJC_IMPLEMENTATIONS = YES;
				CLANG_WARN_DIRECT_OBJC_ISA_USAGE = YES_ERROR;
				CLANG_WARN_DOCUMENTATION_COMMENTS = YES;
				CLANG_WARN_EMPTY_BODY = YES;
				CLANG_WARN_ENUM_CONVERSION = YES;
				CLANG_WARN_INFINITE_RECURSION = YES;
				CLANG_WARN_INT_CONVERSION = YES;
				CLANG_WARN_NON_LITERAL_NULL_CONVERSION = YES;
				CLANG_WARN_OBJC_IMPLICIT_RETAIN_SELF = YES;
				CLANG_WARN_OBJC_LITERAL_CONVERSION = YES;
				CLANG_WARN_OBJC_ROOT_CLASS = YES_ERROR;
				CLANG_WARN_QUOTED_INCLUDE_IN_FRAMEWORK_HEADER = YES;
				CLANG_WARN_RANGE_LOOP_ANALYSIS = YES;
				CLANG_WARN_STRICT_PROTOTYPES = YES;
				CLANG_WARN_SUSPICIOUS_MOVE = YES;
				CLANG_WARN_UNGUARDED_AVAILABILITY = YES_AGGRESSIVE;
				CLANG_WARN_UNREACHABLE_CODE = YES;
				CLANG_WARN__DUPLICATE_METHOD_MATCH = YES;
				COPY_PHASE_STRIP = NO;
				DEBUG_INFORMATION_FORMAT = "dwarf-with-dsym";
				ENABLE_NS_ASSERTIONS = NO;
				ENABLE_STRICT_OBJC_MSGSEND = YES;
				GCC_C_LANGUAGE_STANDARD = gnu11;
				GCC_NO_COMMON_BLOCKS = YES;
				GCC_WARN_64_TO_32_BIT_CONVERSION = YES;
				GCC_WARN_ABOUT_RETURN_TYPE = YES_ERROR;
				GCC_WARN_UNDECLARED_SELECTOR = YES;
				GCC_WARN_UNINITIALIZED_AUTOS = YES_AGGRESSIVE;
				GCC_WARN_UNUSED_FUNCTION = YES;
				GCC_WARN_UNUSED_VARIABLE = YES;
				IPHONEOS_DEPLOYMENT_TARGET = 15.4;
				MTL_ENABLE_DEBUG_INFO = NO;
				MTL_FAST_MATH = YES;
				SDKROOT = iphoneos;
				SWIFT_COMPILATION_MODE = wholemodule;
				SWIFT_OPTIMIZATION_LEVEL = "-O";
				VALIDATE_PRODUCT = YES;
			};
			name = Release;
		};
		618CF5EB284FFDEC00BFF072 /* Debug */ = {
			isa = XCBuildConfiguration;
			buildSettings = {
				ASSETCATALOG_COMPILER_APPICON_NAME = AppIcon;
				ASSETCATALOG_COMPILER_GLOBAL_ACCENT_COLOR_NAME = AccentColor;
				CODE_SIGN_STYLE = Automatic;
				CURRENT_PROJECT_VERSION = 1;
				DEVELOPMENT_TEAM = G5MA7JP2RR;
				GENERATE_INFOPLIST_FILE = YES;
				INFOPLIST_FILE = TakeItEasy/Info.plist;
				INFOPLIST_KEY_UIApplicationSupportsIndirectInputEvents = YES;
				INFOPLIST_KEY_UILaunchStoryboardName = LaunchScreen;
				INFOPLIST_KEY_UIMainStoryboardFile = Main;
				INFOPLIST_KEY_UISupportedInterfaceOrientations_iPad = "UIInterfaceOrientationPortrait UIInterfaceOrientationPortraitUpsideDown UIInterfaceOrientationLandscapeLeft UIInterfaceOrientationLandscapeRight";
				INFOPLIST_KEY_UISupportedInterfaceOrientations_iPhone = "UIInterfaceOrientationPortrait UIInterfaceOrientationLandscapeLeft UIInterfaceOrientationLandscapeRight";
				IPHONEOS_DEPLOYMENT_TARGET = 15.0;
				LD_RUNPATH_SEARCH_PATHS = (
					"$(inherited)",
					"@executable_path/Frameworks",
				);
				MARKETING_VERSION = 1.0;
				PRODUCT_BUNDLE_IDENTIFIER = vince.myprojects.TakeItEasy;
				PRODUCT_NAME = "$(TARGET_NAME)";
				SWIFT_EMIT_LOC_STRINGS = YES;
				SWIFT_VERSION = 5.0;
				TARGETED_DEVICE_FAMILY = "1,2";
			};
			name = Debug;
		};
		618CF5EC284FFDEC00BFF072 /* Release */ = {
			isa = XCBuildConfiguration;
			buildSettings = {
				ASSETCATALOG_COMPILER_APPICON_NAME = AppIcon;
				ASSETCATALOG_COMPILER_GLOBAL_ACCENT_COLOR_NAME = AccentColor;
				CODE_SIGN_STYLE = Automatic;
				CURRENT_PROJECT_VERSION = 1;
				DEVELOPMENT_TEAM = G5MA7JP2RR;
				GENERATE_INFOPLIST_FILE = YES;
				INFOPLIST_FILE = TakeItEasy/Info.plist;
				INFOPLIST_KEY_UIApplicationSupportsIndirectInputEvents = YES;
				INFOPLIST_KEY_UILaunchStoryboardName = LaunchScreen;
				INFOPLIST_KEY_UIMainStoryboardFile = Main;
				INFOPLIST_KEY_UISupportedInterfaceOrientations_iPad = "UIInterfaceOrientationPortrait UIInterfaceOrientationPortraitUpsideDown UIInterfaceOrientationLandscapeLeft UIInterfaceOrientationLandscapeRight";
				INFOPLIST_KEY_UISupportedInterfaceOrientations_iPhone = "UIInterfaceOrientationPortrait UIInterfaceOrientationLandscapeLeft UIInterfaceOrientationLandscapeRight";
				IPHONEOS_DEPLOYMENT_TARGET = 15.0;
				LD_RUNPATH_SEARCH_PATHS = (
					"$(inherited)",
					"@executable_path/Frameworks",
				);
				MARKETING_VERSION = 1.0;
				PRODUCT_BUNDLE_IDENTIFIER = vince.myprojects.TakeItEasy;
				PRODUCT_NAME = "$(TARGET_NAME)";
				SWIFT_EMIT_LOC_STRINGS = YES;
				SWIFT_VERSION = 5.0;
				TARGETED_DEVICE_FAMILY = "1,2";
			};
			name = Release;
		};
/* End XCBuildConfiguration section */

/* Begin XCConfigurationList section */
		618CF5CE284FFDEB00BFF072 /* Build configuration list for PBXProject "TakeItEasy" */ = {
			isa = XCConfigurationList;
			buildConfigurations = (
				618CF5E8284FFDEC00BFF072 /* Debug */,
				618CF5E9284FFDEC00BFF072 /* Release */,
			);
			defaultConfigurationIsVisible = 0;
			defaultConfigurationName = Release;
		};
		618CF5EA284FFDEC00BFF072 /* Build configuration list for PBXNativeTarget "TakeItEasy" */ = {
			isa = XCConfigurationList;
			buildConfigurations = (
				618CF5EB284FFDEC00BFF072 /* Debug */,
				618CF5EC284FFDEC00BFF072 /* Release */,
			);
			defaultConfigurationIsVisible = 0;
			defaultConfigurationName = Release;
		};
/* End XCConfigurationList section */

/* Begin XCVersionGroup section */
		618CF5DF284FFDEB00BFF072 /* TakeItEasy.xcdatamodeld */ = {
			isa = XCVersionGroup;
			children = (
				618CF5E0284FFDEB00BFF072 /* TakeItEasy.xcdatamodel */,
			);
			currentVersion = 618CF5E0284FFDEB00BFF072 /* TakeItEasy.xcdatamodel */;
			path = TakeItEasy.xcdatamodeld;
			sourceTree = "<group>";
			versionGroupType = wrapper.xcdatamodel;
		};
/* End XCVersionGroup section */
	};
	rootObject = 618CF5CB284FFDEB00BFF072 /* Project object */;
}
