// !$*UTF8*$!
{
	archiveVersion = 1;
	classes = {
	};
	objectVersion = 55;
	objects = {

/* Begin PBXBuildFile section */
		618CF5D7284FFDEB00BFF072 /* AppDelegate.swift in Sources */ = {isa = PBXBuildFile; fileRef = 618CF5D6284FFDEB00BFF072 /* AppDelegate.swift */; };
		618CF5D9284FFDEB00BFF072 /* SceneDelegate.swift in Sources */ = {isa = PBXBuildFile; fileRef = 618CF5D8284FFDEB00BFF072 /* SceneDelegate.swift */; };
		618CF5DB284FFDEB00BFF072 /* ViewController.swift in Sources */ = {isa = PBXBuildFile; fileRef = 618CF5DA284FFDEB00BFF072 /* ViewController.swift */; };
		618CF5DE284FFDEB00BFF072 /* Main.storyboard in Resources */ = {isa = PBXBuildFile; fileRef = 618CF5DC284FFDEB00BFF072 /* Main.storyboard */; };
		618CF5E1284FFDEB00BFF072 /* TakeItEasy.xcdatamodeld in Sources */ = {isa = PBXBuildFile; fileRef = 618CF5DF284FFDEB00BFF072 /* TakeItEasy.xcdatamodeld */; };
		618CF5E3284FFDEC00BFF072 /* Assets.xcassets in Resources */ = {isa = PBXBuildFile; fileRef = 618CF5E2284FFDEC00BFF072 /* Assets.xcassets */; };
		618CF5E6284FFDEC00BFF072 /* LaunchScreen.storyboard in Resources */ = {isa = PBXBuildFile; fileRef = 618CF5E4284FFDEC00BFF072 /* LaunchScreen.storyboard */; };
		8405D7842850060600A917AC /* BooksViewController.swift in Sources */ = {isa = PBXBuildFile; fileRef = 8405D7832850060600A917AC /* BooksViewController.swift */; };
		8405D7872850071E00A917AC /* GeneralBooksCollectionViewCell.swift in Sources */ = {isa = PBXBuildFile; fileRef = 8405D7862850071E00A917AC /* GeneralBooksCollectionViewCell.swift */; };
		8405D7892850074400A917AC /* TechnologyBooksCollectionViewCell.swift in Sources */ = {isa = PBXBuildFile; fileRef = 8405D7882850074400A917AC /* TechnologyBooksCollectionViewCell.swift */; };
		8445857C28503BBE0088F363 /* RecipeBooksCollectionViewCell.swift in Sources */ = {isa = PBXBuildFile; fileRef = 8445857B28503BBE0088F363 /* RecipeBooksCollectionViewCell.swift */; };
		8445858028504DB90088F363 /* NavigationBarData.swift in Sources */ = {isa = PBXBuildFile; fileRef = 8445857F28504DB90088F363 /* NavigationBarData.swift */; };
		84A3C4F22851196C00664E96 /* Control Flow.pdf in Resources */ = {isa = PBXBuildFile; fileRef = 84A3C4E32851196B00664E96 /* Control Flow.pdf */; };
		84A3C4F32851196C00664E96 /* Extensions.pdf in Resources */ = {isa = PBXBuildFile; fileRef = 84A3C4E42851196B00664E96 /* Extensions.pdf */; };
		84A3C4F42851196C00664E96 /* Initialization.pdf in Resources */ = {isa = PBXBuildFile; fileRef = 84A3C4E52851196B00664E96 /* Initialization.pdf */; };
		84A3C4F52851196C00664E96 /* Collection Types.pdf in Resources */ = {isa = PBXBuildFile; fileRef = 84A3C4E62851196B00664E96 /* Collection Types.pdf */; };
		84A3C4F62851196C00664E96 /* Properties.pdf in Resources */ = {isa = PBXBuildFile; fileRef = 84A3C4E72851196B00664E96 /* Properties.pdf */; };
		84A3C4F72851196C00664E96 /* Nested Types.pdf in Resources */ = {isa = PBXBuildFile; fileRef = 84A3C4E82851196B00664E96 /* Nested Types.pdf */; };
		84A3C4F82851196C00664E96 /* Enumerations.pdf in Resources */ = {isa = PBXBuildFile; fileRef = 84A3C4E92851196B00664E96 /* Enumerations.pdf */; };
		84A3C4F92851196C00664E96 /* Methods.pdf in Resources */ = {isa = PBXBuildFile; fileRef = 84A3C4EA2851196B00664E96 /* Methods.pdf */; };
		84A3C4FA2851196C00664E96 /* Functions.pdf in Resources */ = {isa = PBXBuildFile; fileRef = 84A3C4EB2851196B00664E96 /* Functions.pdf */; };
		84A3C4FB2851196C00664E96 /* Structures and Classes.pdf in Resources */ = {isa = PBXBuildFile; fileRef = 84A3C4EC2851196B00664E96 /* Structures and Classes.pdf */; };
		84A3C4FC2851196C00664E96 /* Error Handling.pdf in Resources */ = {isa = PBXBuildFile; fileRef = 84A3C4ED2851196B00664E96 /* Error Handling.pdf */; };
		84A3C4FD2851196C00664E96 /* Closures.pdf in Resources */ = {isa = PBXBuildFile; fileRef = 84A3C4EE2851196B00664E96 /* Closures.pdf */; };
		84A3C4FE2851196C00664E96 /* Basic Operators.pdf in Resources */ = {isa = PBXBuildFile; fileRef = 84A3C4EF2851196B00664E96 /* Basic Operators.pdf */; };
		84A3C4FF2851196C00664E96 /* Optional Chaining.pdf in Resources */ = {isa = PBXBuildFile; fileRef = 84A3C4F02851196B00664E96 /* Optional Chaining.pdf */; };
		84A3C5002851196C00664E96 /* Inheritance.pdf in Resources */ = {isa = PBXBuildFile; fileRef = 84A3C4F12851196C00664E96 /* Inheritance.pdf */; };
		84A3C52628512E2E00664E96 /* The_Time_Machine.pdf in Resources */ = {isa = PBXBuildFile; fileRef = 84A3C52128512E2D00664E96 /* The_Time_Machine.pdf */; };
		84A3C52728512E2E00664E96 /* Twenty_Thousand_Leagues_Under_the_Sea.pdf in Resources */ = {isa = PBXBuildFile; fileRef = 84A3C52228512E2D00664E96 /* Twenty_Thousand_Leagues_Under_the_Sea.pdf */; };
		84A3C52828512E2E00664E96 /* The_Count_of_Monte_Cristo.pdf in Resources */ = {isa = PBXBuildFile; fileRef = 84A3C52328512E2E00664E96 /* The_Count_of_Monte_Cristo.pdf */; };
		84A3C52928512E2E00664E96 /* Moby_Dick.pdf in Resources */ = {isa = PBXBuildFile; fileRef = 84A3C52428512E2E00664E96 /* Moby_Dick.pdf */; };
		84A3C52A28512E2E00664E96 /* The_Great_Gatsby.pdf in Resources */ = {isa = PBXBuildFile; fileRef = 84A3C52528512E2E00664E96 /* The_Great_Gatsby.pdf */; };
		84F5B5162850FA3E004B0220 /* OpenedBookViewController.swift in Sources */ = {isa = PBXBuildFile; fileRef = 84F5B5152850FA3E004B0220 /* OpenedBookViewController.swift */; };
/* End PBXBuildFile section */

/* Begin PBXFileReference section */
		618CF5D3284FFDEB00BFF072 /* TakeItEasy.app */ = {isa = PBXFileReference; explicitFileType = wrapper.application; includeInIndex = 0; path = TakeItEasy.app; sourceTree = BUILT_PRODUCTS_DIR; };
		618CF5D6284FFDEB00BFF072 /* AppDelegate.swift */ = {isa = PBXFileReference; lastKnownFileType = sourcecode.swift; path = AppDelegate.swift; sourceTree = "<group>"; };
		618CF5D8284FFDEB00BFF072 /* SceneDelegate.swift */ = {isa = PBXFileReference; lastKnownFileType = sourcecode.swift; path = SceneDelegate.swift; sourceTree = "<group>"; };
		618CF5DA284FFDEB00BFF072 /* ViewController.swift */ = {isa = PBXFileReference; lastKnownFileType = sourcecode.swift; path = ViewController.swift; sourceTree = "<group>"; };
		618CF5DD284FFDEB00BFF072 /* Base */ = {isa = PBXFileReference; lastKnownFileType = file.storyboard; name = Base; path = Base.lproj/Main.storyboard; sourceTree = "<group>"; };
		618CF5E0284FFDEB00BFF072 /* TakeItEasy.xcdatamodel */ = {isa = PBXFileReference; lastKnownFileType = wrapper.xcdatamodel; path = TakeItEasy.xcdatamodel; sourceTree = "<group>"; };
		618CF5E2284FFDEC00BFF072 /* Assets.xcassets */ = {isa = PBXFileReference; lastKnownFileType = folder.assetcatalog; path = Assets.xcassets; sourceTree = "<group>"; };
		618CF5E5284FFDEC00BFF072 /* Base */ = {isa = PBXFileReference; lastKnownFileType = file.storyboard; name = Base; path = Base.lproj/LaunchScreen.storyboard; sourceTree = "<group>"; };
		618CF5E7284FFDEC00BFF072 /* Info.plist */ = {isa = PBXFileReference; lastKnownFileType = text.plist.xml; path = Info.plist; sourceTree = "<group>"; };
		8405D7832850060600A917AC /* BooksViewController.swift */ = {isa = PBXFileReference; lastKnownFileType = sourcecode.swift; path = BooksViewController.swift; sourceTree = "<group>"; };
		8405D7862850071E00A917AC /* GeneralBooksCollectionViewCell.swift */ = {isa = PBXFileReference; lastKnownFileType = sourcecode.swift; path = GeneralBooksCollectionViewCell.swift; sourceTree = "<group>"; };
		8405D7882850074400A917AC /* TechnologyBooksCollectionViewCell.swift */ = {isa = PBXFileReference; lastKnownFileType = sourcecode.swift; path = TechnologyBooksCollectionViewCell.swift; sourceTree = "<group>"; };
		8445857B28503BBE0088F363 /* RecipeBooksCollectionViewCell.swift */ = {isa = PBXFileReference; lastKnownFileType = sourcecode.swift; path = RecipeBooksCollectionViewCell.swift; sourceTree = "<group>"; };
		8445857F28504DB90088F363 /* NavigationBarData.swift */ = {isa = PBXFileReference; lastKnownFileType = sourcecode.swift; path = NavigationBarData.swift; sourceTree = "<group>"; };
		84A3C4E32851196B00664E96 /* Control Flow.pdf */ = {isa = PBXFileReference; lastKnownFileType = image.pdf; name = "Control Flow.pdf"; path = "../../../../funzone books/Control Flow.pdf"; sourceTree = "<group>"; };
		84A3C4E42851196B00664E96 /* Extensions.pdf */ = {isa = PBXFileReference; lastKnownFileType = image.pdf; name = Extensions.pdf; path = "../../../../funzone books/Extensions.pdf"; sourceTree = "<group>"; };
		84A3C4E52851196B00664E96 /* Initialization.pdf */ = {isa = PBXFileReference; lastKnownFileType = image.pdf; name = Initialization.pdf; path = "../../../../funzone books/Initialization.pdf"; sourceTree = "<group>"; };
		84A3C4E62851196B00664E96 /* Collection Types.pdf */ = {isa = PBXFileReference; lastKnownFileType = image.pdf; name = "Collection Types.pdf"; path = "../../../../funzone books/Collection Types.pdf"; sourceTree = "<group>"; };
		84A3C4E72851196B00664E96 /* Properties.pdf */ = {isa = PBXFileReference; lastKnownFileType = image.pdf; name = Properties.pdf; path = "../../../../funzone books/Properties.pdf"; sourceTree = "<group>"; };
		84A3C4E82851196B00664E96 /* Nested Types.pdf */ = {isa = PBXFileReference; lastKnownFileType = image.pdf; name = "Nested Types.pdf"; path = "../../../../funzone books/Nested Types.pdf"; sourceTree = "<group>"; };
		84A3C4E92851196B00664E96 /* Enumerations.pdf */ = {isa = PBXFileReference; lastKnownFileType = image.pdf; name = Enumerations.pdf; path = "../../../../funzone books/Enumerations.pdf"; sourceTree = "<group>"; };
		84A3C4EA2851196B00664E96 /* Methods.pdf */ = {isa = PBXFileReference; lastKnownFileType = image.pdf; name = Methods.pdf; path = "../../../../funzone books/Methods.pdf"; sourceTree = "<group>"; };
		84A3C4EB2851196B00664E96 /* Functions.pdf */ = {isa = PBXFileReference; lastKnownFileType = image.pdf; name = Functions.pdf; path = "../../../../funzone books/Functions.pdf"; sourceTree = "<group>"; };
		84A3C4EC2851196B00664E96 /* Structures and Classes.pdf */ = {isa = PBXFileReference; lastKnownFileType = image.pdf; name = "Structures and Classes.pdf"; path = "../../../../funzone books/Structures and Classes.pdf"; sourceTree = "<group>"; };
		84A3C4ED2851196B00664E96 /* Error Handling.pdf */ = {isa = PBXFileReference; lastKnownFileType = image.pdf; name = "Error Handling.pdf"; path = "../../../../funzone books/Error Handling.pdf"; sourceTree = "<group>"; };
		84A3C4EE2851196B00664E96 /* Closures.pdf */ = {isa = PBXFileReference; lastKnownFileType = image.pdf; name = Closures.pdf; path = "../../../../funzone books/Closures.pdf"; sourceTree = "<group>"; };
		84A3C4EF2851196B00664E96 /* Basic Operators.pdf */ = {isa = PBXFileReference; lastKnownFileType = image.pdf; name = "Basic Operators.pdf"; path = "../../../../funzone books/Basic Operators.pdf"; sourceTree = "<group>"; };
		84A3C4F02851196B00664E96 /* Optional Chaining.pdf */ = {isa = PBXFileReference; lastKnownFileType = image.pdf; name = "Optional Chaining.pdf"; path = "../../../../funzone books/Optional Chaining.pdf"; sourceTree = "<group>"; };
		84A3C4F12851196C00664E96 /* Inheritance.pdf */ = {isa = PBXFileReference; lastKnownFileType = image.pdf; name = Inheritance.pdf; path = "../../../../funzone books/Inheritance.pdf"; sourceTree = "<group>"; };
		84A3C52128512E2D00664E96 /* The_Time_Machine.pdf */ = {isa = PBXFileReference; lastKnownFileType = image.pdf; name = The_Time_Machine.pdf; path = ../../../../TakeItEasyBooks/The_Time_Machine.pdf; sourceTree = "<group>"; };
		84A3C52228512E2D00664E96 /* Twenty_Thousand_Leagues_Under_the_Sea.pdf */ = {isa = PBXFileReference; lastKnownFileType = image.pdf; name = Twenty_Thousand_Leagues_Under_the_Sea.pdf; path = ../../../../TakeItEasyBooks/Twenty_Thousand_Leagues_Under_the_Sea.pdf; sourceTree = "<group>"; };
		84A3C52328512E2E00664E96 /* The_Count_of_Monte_Cristo.pdf */ = {isa = PBXFileReference; lastKnownFileType = image.pdf; name = The_Count_of_Monte_Cristo.pdf; path = ../../../../TakeItEasyBooks/The_Count_of_Monte_Cristo.pdf; sourceTree = "<group>"; };
		84A3C52428512E2E00664E96 /* Moby_Dick.pdf */ = {isa = PBXFileReference; lastKnownFileType = image.pdf; name = Moby_Dick.pdf; path = ../../../../TakeItEasyBooks/Moby_Dick.pdf; sourceTree = "<group>"; };
		84A3C52528512E2E00664E96 /* The_Great_Gatsby.pdf */ = {isa = PBXFileReference; lastKnownFileType = image.pdf; name = The_Great_Gatsby.pdf; path = ../../../../TakeItEasyBooks/The_Great_Gatsby.pdf; sourceTree = "<group>"; };
		84F5B5152850FA3E004B0220 /* OpenedBookViewController.swift */ = {isa = PBXFileReference; lastKnownFileType = sourcecode.swift; path = OpenedBookViewController.swift; sourceTree = "<group>"; };
/* End PBXFileReference section */

/* Begin PBXFrameworksBuildPhase section */
		618CF5D0284FFDEB00BFF072 /* Frameworks */ = {
			isa = PBXFrameworksBuildPhase;
			buildActionMask = 2147483647;
			files = (
			);
			runOnlyForDeploymentPostprocessing = 0;
		};
/* End PBXFrameworksBuildPhase section */

/* Begin PBXGroup section */
		618CF5CA284FFDEB00BFF072 = {
			isa = PBXGroup;
			children = (
				618CF5D5284FFDEB00BFF072 /* TakeItEasy */,
				618CF5D4284FFDEB00BFF072 /* Products */,
			);
			sourceTree = "<group>";
		};
		618CF5D4284FFDEB00BFF072 /* Products */ = {
			isa = PBXGroup;
			children = (
				618CF5D3284FFDEB00BFF072 /* TakeItEasy.app */,
			);
			name = Products;
			sourceTree = "<group>";
		};
		618CF5D5284FFDEB00BFF072 /* TakeItEasy */ = {
			isa = PBXGroup;
			children = (
				8405D785285006C800A917AC /* Books */,
				618CF5D6284FFDEB00BFF072 /* AppDelegate.swift */,
				618CF5D8284FFDEB00BFF072 /* SceneDelegate.swift */,
				618CF5DA284FFDEB00BFF072 /* ViewController.swift */,
				618CF5DC284FFDEB00BFF072 /* Main.storyboard */,
				618CF5E2284FFDEC00BFF072 /* Assets.xcassets */,
				618CF5E4284FFDEC00BFF072 /* LaunchScreen.storyboard */,
				618CF5E7284FFDEC00BFF072 /* Info.plist */,
				618CF5DF284FFDEB00BFF072 /* TakeItEasy.xcdatamodeld */,
				8445857F28504DB90088F363 /* NavigationBarData.swift */,
			);
			path = TakeItEasy;
			sourceTree = "<group>";
		};
		8405D785285006C800A917AC /* Books */ = {
			isa = PBXGroup;
			children = (
				84A3C4E22851195900664E96 /* BooksSampleFiles */,
				8405D7832850060600A917AC /* BooksViewController.swift */,
				8405D7862850071E00A917AC /* GeneralBooksCollectionViewCell.swift */,
				8405D7882850074400A917AC /* TechnologyBooksCollectionViewCell.swift */,
				8445857B28503BBE0088F363 /* RecipeBooksCollectionViewCell.swift */,
				84F5B5152850FA3E004B0220 /* OpenedBookViewController.swift */,
			);
			path = Books;
			sourceTree = "<group>";
		};
		84A3C4E22851195900664E96 /* BooksSampleFiles */ = {
			isa = PBXGroup;
			children = (
				84A3C52428512E2E00664E96 /* Moby_Dick.pdf */,
				84A3C52328512E2E00664E96 /* The_Count_of_Monte_Cristo.pdf */,
				84A3C52528512E2E00664E96 /* The_Great_Gatsby.pdf */,
				84A3C52128512E2D00664E96 /* The_Time_Machine.pdf */,
				84A3C52228512E2D00664E96 /* Twenty_Thousand_Leagues_Under_the_Sea.pdf */,
				84A3C4EF2851196B00664E96 /* Basic Operators.pdf */,
				84A3C4EE2851196B00664E96 /* Closures.pdf */,
				84A3C4E62851196B00664E96 /* Collection Types.pdf */,
				84A3C4E32851196B00664E96 /* Control Flow.pdf */,
				84A3C4E92851196B00664E96 /* Enumerations.pdf */,
				84A3C4ED2851196B00664E96 /* Error Handling.pdf */,
				84A3C4E42851196B00664E96 /* Extensions.pdf */,
				84A3C4EB2851196B00664E96 /* Functions.pdf */,
				84A3C4F12851196C00664E96 /* Inheritance.pdf */,
				84A3C4E52851196B00664E96 /* Initialization.pdf */,
				84A3C4EA2851196B00664E96 /* Methods.pdf */,
				84A3C4E82851196B00664E96 /* Nested Types.pdf */,
				84A3C4F02851196B00664E96 /* Optional Chaining.pdf */,
				84A3C4E72851196B00664E96 /* Properties.pdf */,
				84A3C4EC2851196B00664E96 /* Structures and Classes.pdf */,
			);
			path = BooksSampleFiles;
			sourceTree = "<group>";
		};
/* End PBXGroup section */

/* Begin PBXNativeTarget section */
		618CF5D2284FFDEB00BFF072 /* TakeItEasy */ = {
			isa = PBXNativeTarget;
			buildConfigurationList = 618CF5EA284FFDEC00BFF072 /* Build configuration list for PBXNativeTarget "TakeItEasy" */;
			buildPhases = (
				618CF5CF284FFDEB00BFF072 /* Sources */,
				618CF5D0284FFDEB00BFF072 /* Frameworks */,
				618CF5D1284FFDEB00BFF072 /* Resources */,
			);
			buildRules = (
			);
			dependencies = (
			);
			name = TakeItEasy;
			productName = TakeItEasy;
			productReference = 618CF5D3284FFDEB00BFF072 /* TakeItEasy.app */;
			productType = "com.apple.product-type.application";
		};
/* End PBXNativeTarget section */

/* Begin PBXProject section */
		618CF5CB284FFDEB00BFF072 /* Project object */ = {
			isa = PBXProject;
			attributes = {
				BuildIndependentTargetsInParallel = 1;
				LastSwiftUpdateCheck = 1330;
				LastUpgradeCheck = 1330;
				TargetAttributes = {
					618CF5D2284FFDEB00BFF072 = {
						CreatedOnToolsVersion = 13.3.1;
					};
				};
			};
			buildConfigurationList = 618CF5CE284FFDEB00BFF072 /* Build configuration list for PBXProject "TakeItEasy" */;
			compatibilityVersion = "Xcode 13.0";
			developmentRegion = en;
			hasScannedForEncodings = 0;
			knownRegions = (
				en,
				Base,
			);
			mainGroup = 618CF5CA284FFDEB00BFF072;
			productRefGroup = 618CF5D4284FFDEB00BFF072 /* Products */;
			projectDirPath = "";
			projectRoot = "";
			targets = (
				618CF5D2284FFDEB00BFF072 /* TakeItEasy */,
			);
		};
/* End PBXProject section */

/* Begin PBXResourcesBuildPhase section */
		618CF5D1284FFDEB00BFF072 /* Resources */ = {
			isa = PBXResourcesBuildPhase;
			buildActionMask = 2147483647;
			files = (
				84A3C52628512E2E00664E96 /* The_Time_Machine.pdf in Resources */,
				84A3C4F52851196C00664E96 /* Collection Types.pdf in Resources */,
				84A3C4F42851196C00664E96 /* Initialization.pdf in Resources */,
				84A3C4FB2851196C00664E96 /* Structures and Classes.pdf in Resources */,
				84A3C52928512E2E00664E96 /* Moby_Dick.pdf in Resources */,
				84A3C4F32851196C00664E96 /* Extensions.pdf in Resources */,
				84A3C4F72851196C00664E96 /* Nested Types.pdf in Resources */,
				84A3C4F62851196C00664E96 /* Properties.pdf in Resources */,
				618CF5E6284FFDEC00BFF072 /* LaunchScreen.storyboard in Resources */,
				84A3C4FA2851196C00664E96 /* Functions.pdf in Resources */,
				84A3C4F92851196C00664E96 /* Methods.pdf in Resources */,
				84A3C4FC2851196C00664E96 /* Error Handling.pdf in Resources */,
				84A3C4F82851196C00664E96 /* Enumerations.pdf in Resources */,
				84A3C52A28512E2E00664E96 /* The_Great_Gatsby.pdf in Resources */,
				84A3C5002851196C00664E96 /* Inheritance.pdf in Resources */,
				84A3C4F22851196C00664E96 /* Control Flow.pdf in Resources */,
				84A3C4FE2851196C00664E96 /* Basic Operators.pdf in Resources */,
				84A3C52828512E2E00664E96 /* The_Count_of_Monte_Cristo.pdf in Resources */,
				84A3C4FF2851196C00664E96 /* Optional Chaining.pdf in Resources */,
				618CF5E3284FFDEC00BFF072 /* Assets.xcassets in Resources */,
				84A3C4FD2851196C00664E96 /* Closures.pdf in Resources */,
				618CF5DE284FFDEB00BFF072 /* Main.storyboard in Resources */,
				84A3C52728512E2E00664E96 /* Twenty_Thousand_Leagues_Under_the_Sea.pdf in Resources */,
			);
			runOnlyForDeploymentPostprocessing = 0;
		};
/* End PBXResourcesBuildPhase section */

/* Begin PBXSourcesBuildPhase section */
		618CF5CF284FFDEB00BFF072 /* Sources */ = {
			isa = PBXSourcesBuildPhase;
			buildActionMask = 2147483647;
			files = (
				84F5B5162850FA3E004B0220 /* OpenedBookViewController.swift in Sources */,
				8405D7892850074400A917AC /* TechnologyBooksCollectionViewCell.swift in Sources */,
				8405D7872850071E00A917AC /* GeneralBooksCollectionViewCell.swift in Sources */,
				8405D7842850060600A917AC /* BooksViewController.swift in Sources */,
				618CF5DB284FFDEB00BFF072 /* ViewController.swift in Sources */,
				8445858028504DB90088F363 /* NavigationBarData.swift in Sources */,
				8445857C28503BBE0088F363 /* RecipeBooksCollectionViewCell.swift in Sources */,
				618CF5D7284FFDEB00BFF072 /* AppDelegate.swift in Sources */,
				618CF5D9284FFDEB00BFF072 /* SceneDelegate.swift in Sources */,
				618CF5E1284FFDEB00BFF072 /* TakeItEasy.xcdatamodeld in Sources */,
			);
			runOnlyForDeploymentPostprocessing = 0;
		};
/* End PBXSourcesBuildPhase section */

/* Begin PBXVariantGroup section */
		618CF5DC284FFDEB00BFF072 /* Main.storyboard */ = {
			isa = PBXVariantGroup;
			children = (
				618CF5DD284FFDEB00BFF072 /* Base */,
			);
			name = Main.storyboard;
			sourceTree = "<group>";
		};
		618CF5E4284FFDEC00BFF072 /* LaunchScreen.storyboard */ = {
			isa = PBXVariantGroup;
			children = (
				618CF5E5284FFDEC00BFF072 /* Base */,
			);
			name = LaunchScreen.storyboard;
			sourceTree = "<group>";
		};
/* End PBXVariantGroup section */

/* Begin XCBuildConfiguration section */
		618CF5E8284FFDEC00BFF072 /* Debug */ = {
			isa = XCBuildConfiguration;
			buildSettings = {
				ALWAYS_SEARCH_USER_PATHS = NO;
				CLANG_ANALYZER_NONNULL = YES;
				CLANG_ANALYZER_NUMBER_OBJECT_CONVERSION = YES_AGGRESSIVE;
				CLANG_CXX_LANGUAGE_STANDARD = "gnu++17";
				CLANG_ENABLE_MODULES = YES;
				CLANG_ENABLE_OBJC_ARC = YES;
				CLANG_ENABLE_OBJC_WEAK = YES;
				CLANG_WARN_BLOCK_CAPTURE_AUTORELEASING = YES;
				CLANG_WARN_BOOL_CONVERSION = YES;
				CLANG_WARN_COMMA = YES;
				CLANG_WARN_CONSTANT_CONVERSION = YES;
				CLANG_WARN_DEPRECATED_OBJC_IMPLEMENTATIONS = YES;
				CLANG_WARN_DIRECT_OBJC_ISA_USAGE = YES_ERROR;
				CLANG_WARN_DOCUMENTATION_COMMENTS = YES;
				CLANG_WARN_EMPTY_BODY = YES;
				CLANG_WARN_ENUM_CONVERSION = YES;
				CLANG_WARN_INFINITE_RECURSION = YES;
				CLANG_WARN_INT_CONVERSION = YES;
				CLANG_WARN_NON_LITERAL_NULL_CONVERSION = YES;
				CLANG_WARN_OBJC_IMPLICIT_RETAIN_SELF = YES;
				CLANG_WARN_OBJC_LITERAL_CONVERSION = YES;
				CLANG_WARN_OBJC_ROOT_CLASS = YES_ERROR;
				CLANG_WARN_QUOTED_INCLUDE_IN_FRAMEWORK_HEADER = YES;
				CLANG_WARN_RANGE_LOOP_ANALYSIS = YES;
				CLANG_WARN_STRICT_PROTOTYPES = YES;
				CLANG_WARN_SUSPICIOUS_MOVE = YES;
				CLANG_WARN_UNGUARDED_AVAILABILITY = YES_AGGRESSIVE;
				CLANG_WARN_UNREACHABLE_CODE = YES;
				CLANG_WARN__DUPLICATE_METHOD_MATCH = YES;
				COPY_PHASE_STRIP = NO;
				DEBUG_INFORMATION_FORMAT = dwarf;
				ENABLE_STRICT_OBJC_MSGSEND = YES;
				ENABLE_TESTABILITY = YES;
				GCC_C_LANGUAGE_STANDARD = gnu11;
				GCC_DYNAMIC_NO_PIC = NO;
				GCC_NO_COMMON_BLOCKS = YES;
				GCC_OPTIMIZATION_LEVEL = 0;
				GCC_PREPROCESSOR_DEFINITIONS = (
					"DEBUG=1",
					"$(inherited)",
				);
				GCC_WARN_64_TO_32_BIT_CONVERSION = YES;
				GCC_WARN_ABOUT_RETURN_TYPE = YES_ERROR;
				GCC_WARN_UNDECLARED_SELECTOR = YES;
				GCC_WARN_UNINITIALIZED_AUTOS = YES_AGGRESSIVE;
				GCC_WARN_UNUSED_FUNCTION = YES;
				GCC_WARN_UNUSED_VARIABLE = YES;
				IPHONEOS_DEPLOYMENT_TARGET = 15.4;
				MTL_ENABLE_DEBUG_INFO = INCLUDE_SOURCE;
				MTL_FAST_MATH = YES;
				ONLY_ACTIVE_ARCH = YES;
				SDKROOT = iphoneos;
				SWIFT_ACTIVE_COMPILATION_CONDITIONS = DEBUG;
				SWIFT_OPTIMIZATION_LEVEL = "-Onone";
			};
			name = Debug;
		};
		618CF5E9284FFDEC00BFF072 /* Release */ = {
			isa = XCBuildConfiguration;
			buildSettings = {
				ALWAYS_SEARCH_USER_PATHS = NO;
				CLANG_ANALYZER_NONNULL = YES;
				CLANG_ANALYZER_NUMBER_OBJECT_CONVERSION = YES_AGGRESSIVE;
				CLANG_CXX_LANGUAGE_STANDARD = "gnu++17";
				CLANG_ENABLE_MODULES = YES;
				CLANG_ENABLE_OBJC_ARC = YES;
				CLANG_ENABLE_OBJC_WEAK = YES;
				CLANG_WARN_BLOCK_CAPTURE_AUTORELEASING = YES;
				CLANG_WARN_BOOL_CONVERSION = YES;
				CLANG_WARN_COMMA = YES;
				CLANG_WARN_CONSTANT_CONVERSION = YES;
				CLANG_WARN_DEPRECATED_OBJC_IMPLEMENTATIONS = YES;
				CLANG_WARN_DIRECT_OBJC_ISA_USAGE = YES_ERROR;
				CLANG_WARN_DOCUMENTATION_COMMENTS = YES;
				CLANG_WARN_EMPTY_BODY = YES;
				CLANG_WARN_ENUM_CONVERSION = YES;
				CLANG_WARN_INFINITE_RECURSION = YES;
				CLANG_WARN_INT_CONVERSION = YES;
				CLANG_WARN_NON_LITERAL_NULL_CONVERSION = YES;
				CLANG_WARN_OBJC_IMPLICIT_RETAIN_SELF = YES;
				CLANG_WARN_OBJC_LITERAL_CONVERSION = YES;
				CLANG_WARN_OBJC_ROOT_CLASS = YES_ERROR;
				CLANG_WARN_QUOTED_INCLUDE_IN_FRAMEWORK_HEADER = YES;
				CLANG_WARN_RANGE_LOOP_ANALYSIS = YES;
				CLANG_WARN_STRICT_PROTOTYPES = YES;
				CLANG_WARN_SUSPICIOUS_MOVE = YES;
				CLANG_WARN_UNGUARDED_AVAILABILITY = YES_AGGRESSIVE;
				CLANG_WARN_UNREACHABLE_CODE = YES;
				CLANG_WARN__DUPLICATE_METHOD_MATCH = YES;
				COPY_PHASE_STRIP = NO;
				DEBUG_INFORMATION_FORMAT = "dwarf-with-dsym";
				ENABLE_NS_ASSERTIONS = NO;
				ENABLE_STRICT_OBJC_MSGSEND = YES;
				GCC_C_LANGUAGE_STANDARD = gnu11;
				GCC_NO_COMMON_BLOCKS = YES;
				GCC_WARN_64_TO_32_BIT_CONVERSION = YES;
				GCC_WARN_ABOUT_RETURN_TYPE = YES_ERROR;
				GCC_WARN_UNDECLARED_SELECTOR = YES;
				GCC_WARN_UNINITIALIZED_AUTOS = YES_AGGRESSIVE;
				GCC_WARN_UNUSED_FUNCTION = YES;
				GCC_WARN_UNUSED_VARIABLE = YES;
				IPHONEOS_DEPLOYMENT_TARGET = 15.4;
				MTL_ENABLE_DEBUG_INFO = NO;
				MTL_FAST_MATH = YES;
				SDKROOT = iphoneos;
				SWIFT_COMPILATION_MODE = wholemodule;
				SWIFT_OPTIMIZATION_LEVEL = "-O";
				VALIDATE_PRODUCT = YES;
			};
			name = Release;
		};
		618CF5EB284FFDEC00BFF072 /* Debug */ = {
			isa = XCBuildConfiguration;
			buildSettings = {
				ASSETCATALOG_COMPILER_APPICON_NAME = AppIcon;
				ASSETCATALOG_COMPILER_GLOBAL_ACCENT_COLOR_NAME = AccentColor;
				CODE_SIGN_STYLE = Automatic;
				CURRENT_PROJECT_VERSION = 1;
				DEVELOPMENT_TEAM = G5MA7JP2RR;
				GENERATE_INFOPLIST_FILE = YES;
				INFOPLIST_FILE = TakeItEasy/Info.plist;
				INFOPLIST_KEY_UIApplicationSupportsIndirectInputEvents = YES;
				INFOPLIST_KEY_UILaunchStoryboardName = LaunchScreen;
				INFOPLIST_KEY_UIMainStoryboardFile = Main;
				INFOPLIST_KEY_UISupportedInterfaceOrientations_iPad = "UIInterfaceOrientationPortrait UIInterfaceOrientationPortraitUpsideDown UIInterfaceOrientationLandscapeLeft UIInterfaceOrientationLandscapeRight";
				INFOPLIST_KEY_UISupportedInterfaceOrientations_iPhone = "UIInterfaceOrientationPortrait UIInterfaceOrientationLandscapeLeft UIInterfaceOrientationLandscapeRight";
				IPHONEOS_DEPLOYMENT_TARGET = 15.0;
				LD_RUNPATH_SEARCH_PATHS = (
					"$(inherited)",
					"@executable_path/Frameworks",
				);
				MARKETING_VERSION = 1.0;
				PRODUCT_BUNDLE_IDENTIFIER = vince.myprojects.TakeItEasy;
				PRODUCT_NAME = "$(TARGET_NAME)";
				SWIFT_EMIT_LOC_STRINGS = YES;
				SWIFT_VERSION = 5.0;
				TARGETED_DEVICE_FAMILY = "1,2";
			};
			name = Debug;
		};
		618CF5EC284FFDEC00BFF072 /* Release */ = {
			isa = XCBuildConfiguration;
			buildSettings = {
				ASSETCATALOG_COMPILER_APPICON_NAME = AppIcon;
				ASSETCATALOG_COMPILER_GLOBAL_ACCENT_COLOR_NAME = AccentColor;
				CODE_SIGN_STYLE = Automatic;
				CURRENT_PROJECT_VERSION = 1;
				DEVELOPMENT_TEAM = G5MA7JP2RR;
				GENERATE_INFOPLIST_FILE = YES;
				INFOPLIST_FILE = TakeItEasy/Info.plist;
				INFOPLIST_KEY_UIApplicationSupportsIndirectInputEvents = YES;
				INFOPLIST_KEY_UILaunchStoryboardName = LaunchScreen;
				INFOPLIST_KEY_UIMainStoryboardFile = Main;
				INFOPLIST_KEY_UISupportedInterfaceOrientations_iPad = "UIInterfaceOrientationPortrait UIInterfaceOrientationPortraitUpsideDown UIInterfaceOrientationLandscapeLeft UIInterfaceOrientationLandscapeRight";
				INFOPLIST_KEY_UISupportedInterfaceOrientations_iPhone = "UIInterfaceOrientationPortrait UIInterfaceOrientationLandscapeLeft UIInterfaceOrientationLandscapeRight";
				IPHONEOS_DEPLOYMENT_TARGET = 15.0;
				LD_RUNPATH_SEARCH_PATHS = (
					"$(inherited)",
					"@executable_path/Frameworks",
				);
				MARKETING_VERSION = 1.0;
				PRODUCT_BUNDLE_IDENTIFIER = vince.myprojects.TakeItEasy;
				PRODUCT_NAME = "$(TARGET_NAME)";
				SWIFT_EMIT_LOC_STRINGS = YES;
				SWIFT_VERSION = 5.0;
				TARGETED_DEVICE_FAMILY = "1,2";
			};
			name = Release;
		};
/* End XCBuildConfiguration section */

/* Begin XCConfigurationList section */
		618CF5CE284FFDEB00BFF072 /* Build configuration list for PBXProject "TakeItEasy" */ = {
			isa = XCConfigurationList;
			buildConfigurations = (
				618CF5E8284FFDEC00BFF072 /* Debug */,
				618CF5E9284FFDEC00BFF072 /* Release */,
			);
			defaultConfigurationIsVisible = 0;
			defaultConfigurationName = Release;
		};
		618CF5EA284FFDEC00BFF072 /* Build configuration list for PBXNativeTarget "TakeItEasy" */ = {
			isa = XCConfigurationList;
			buildConfigurations = (
				618CF5EB284FFDEC00BFF072 /* Debug */,
				618CF5EC284FFDEC00BFF072 /* Release */,
			);
			defaultConfigurationIsVisible = 0;
			defaultConfigurationName = Release;
		};
/* End XCConfigurationList section */

/* Begin XCVersionGroup section */
		618CF5DF284FFDEB00BFF072 /* TakeItEasy.xcdatamodeld */ = {
			isa = XCVersionGroup;
			children = (
				618CF5E0284FFDEB00BFF072 /* TakeItEasy.xcdatamodel */,
			);
			currentVersion = 618CF5E0284FFDEB00BFF072 /* TakeItEasy.xcdatamodel */;
			path = TakeItEasy.xcdatamodeld;
			sourceTree = "<group>";
			versionGroupType = wrapper.xcdatamodel;
		};
/* End XCVersionGroup section */
	};
	rootObject = 618CF5CB284FFDEB00BFF072 /* Project object */;
}
